// !$*UTF8*$!
{
	archiveVersion = 1;
	classes = {
	};
	objectVersion = 55;
	objects = {

/* Begin PBXBuildFile section */
		3D9ADB7E2966E78A000D526B /* OSPGMainVC.m in Sources */ = {isa = PBXBuildFile; fileRef = 3D9ADB7C2966E78A000D526B /* OSPGMainVC.m */; };
		3D9ADB812966E7D4000D526B /* OSPGBaseVC.m in Sources */ = {isa = PBXBuildFile; fileRef = 3D9ADB802966E7D4000D526B /* OSPGBaseVC.m */; };
		3D9ADB9329682FB0000D526B /* OSPGDiscoverRequest.m in Sources */ = {isa = PBXBuildFile; fileRef = 3D9ADB9229682FB0000D526B /* OSPGDiscoverRequest.m */; };
		3DAE8340295988AC00466D3F /* UIView+Extension.m in Sources */ = {isa = PBXBuildFile; fileRef = 3DAE833F295988AC00466D3F /* UIView+Extension.m */; };
		3DC44E80294AC38500439323 /* YPNavigationController+Configure.m in Sources */ = {isa = PBXBuildFile; fileRef = 3DC44E7F294AC38500439323 /* YPNavigationController+Configure.m */; };
		3DC44E83294AC80500439323 /* SceneDelegate+CYLTabBar.m in Sources */ = {isa = PBXBuildFile; fileRef = 3DC44E82294AC80500439323 /* SceneDelegate+CYLTabBar.m */; };
		3DC44E86294ACC8A00439323 /* OSPGAccountViewController.m in Sources */ = {isa = PBXBuildFile; fileRef = 3DC44E85294ACC8A00439323 /* OSPGAccountViewController.m */; };
		3DC44E89294ACD2700439323 /* OSPGMessageViewController.m in Sources */ = {isa = PBXBuildFile; fileRef = 3DC44E88294ACD2700439323 /* OSPGMessageViewController.m */; };
		3DC44E8C294ACD3C00439323 /* OSPGLearnViewController.m in Sources */ = {isa = PBXBuildFile; fileRef = 3DC44E8B294ACD3C00439323 /* OSPGLearnViewController.m */; };
		3DC44E9B294AFB1600439323 /* CYLPlusButtonSubclass.m in Sources */ = {isa = PBXBuildFile; fileRef = 3DC44E9A294AFB1600439323 /* CYLPlusButtonSubclass.m */; };
		3DC44EA3294B177B00439323 /* OSPGTCMViewController.m in Sources */ = {isa = PBXBuildFile; fileRef = 3DC44EA2294B177B00439323 /* OSPGTCMViewController.m */; };
		3DD14BB029860BA8009F20E9 /* OSPGCreditDetailVC.m in Sources */ = {isa = PBXBuildFile; fileRef = 3DD14BAF29860BA8009F20E9 /* OSPGCreditDetailVC.m */; };
		3DD14BB629860D9A009F20E9 /* OSPGCreditDetailRequest.m in Sources */ = {isa = PBXBuildFile; fileRef = 3DD14BB529860D9A009F20E9 /* OSPGCreditDetailRequest.m */; };
		3DD14BB9298610FB009F20E9 /* OSPGCreditDetailResponse.m in Sources */ = {isa = PBXBuildFile; fileRef = 3DD14BB8298610FB009F20E9 /* OSPGCreditDetailResponse.m */; };
		3DD14BBC29861138009F20E9 /* OSPGMedia.m in Sources */ = {isa = PBXBuildFile; fileRef = 3DD14BBB29861138009F20E9 /* OSPGMedia.m */; };
		3DD14BBF2986116E009F20E9 /* OSPGSeason.m in Sources */ = {isa = PBXBuildFile; fileRef = 3DD14BBE2986116E009F20E9 /* OSPGSeason.m */; };
		3DD14BC229861199009F20E9 /* OSPGPerson.m in Sources */ = {isa = PBXBuildFile; fileRef = 3DD14BC129861199009F20E9 /* OSPGPerson.m */; };
		3DD14BC92986451B009F20E9 /* OSPGTVDiscoverRequest.m in Sources */ = {isa = PBXBuildFile; fileRef = 3DD14BC82986451B009F20E9 /* OSPGTVDiscoverRequest.m */; };
		3DD14BCC2986472A009F20E9 /* OSPGTVLatestResponse.m in Sources */ = {isa = PBXBuildFile; fileRef = 3DD14BCB2986472A009F20E9 /* OSPGTVLatestResponse.m */; };
		3DD14BCF29864757009F20E9 /* OSPGCreatedBy.m in Sources */ = {isa = PBXBuildFile; fileRef = 3DD14BCE29864757009F20E9 /* OSPGCreatedBy.m */; };
		3DD14BD229864777009F20E9 /* OSPGLastEpisodeToAir.m in Sources */ = {isa = PBXBuildFile; fileRef = 3DD14BD129864777009F20E9 /* OSPGLastEpisodeToAir.m */; };
		3DD14BD529864787009F20E9 /* OSPGNetwork.m in Sources */ = {isa = PBXBuildFile; fileRef = 3DD14BD429864787009F20E9 /* OSPGNetwork.m */; };
		3DD14BD829864AA3009F20E9 /* OSPGTVDiscoverResponse.m in Sources */ = {isa = PBXBuildFile; fileRef = 3DD14BD729864AA3009F20E9 /* OSPGTVDiscoverResponse.m */; };
		3DD14BDB29864B15009F20E9 /* OSPGTVResult.m in Sources */ = {isa = PBXBuildFile; fileRef = 3DD14BDA29864B15009F20E9 /* OSPGTVResult.m */; };
		3DD14BDE29864E2D009F20E9 /* OSPGLatestView.m in Sources */ = {isa = PBXBuildFile; fileRef = 3DD14BDC29864E2D009F20E9 /* OSPGLatestView.m */; };
		3DD14BE1298656DC009F20E9 /* OSPGMediaListCell.m in Sources */ = {isa = PBXBuildFile; fileRef = 3DD14BDF298656DB009F20E9 /* OSPGMediaListCell.m */; };
		3DD14BE4298656F5009F20E9 /* OSPGMediaListVC.m in Sources */ = {isa = PBXBuildFile; fileRef = 3DD14BE3298656F5009F20E9 /* OSPGMediaListVC.m */; };
		3DD14BE729865B29009F20E9 /* OSPGTVDetailRequest.m in Sources */ = {isa = PBXBuildFile; fileRef = 3DD14BE629865B29009F20E9 /* OSPGTVDetailRequest.m */; };
		3DD14BED29866485009F20E9 /* OSPGTVDetailManager.m in Sources */ = {isa = PBXBuildFile; fileRef = 3DD14BEC29866485009F20E9 /* OSPGTVDetailManager.m */; };
		3DD52924296BB7C100414684 /* OSPGDiscoverManager.m in Sources */ = {isa = PBXBuildFile; fileRef = 3DD52923296BB7C100414684 /* OSPGDiscoverManager.m */; };
		3DD5292A296BEF6500414684 /* OSPGBaseRequest.m in Sources */ = {isa = PBXBuildFile; fileRef = 3DD52929296BEF6500414684 /* OSPGBaseRequest.m */; };
		3DD52930296BFE8800414684 /* OSPGBaseModel.m in Sources */ = {isa = PBXBuildFile; fileRef = 3DD5292F296BFE8800414684 /* OSPGBaseModel.m */; };
		3DD52933296C086D00414684 /* OSPGDiscoverCell.m in Sources */ = {isa = PBXBuildFile; fileRef = 3DD52932296C086D00414684 /* OSPGDiscoverCell.m */; };
		3DD5293C296D084600414684 /* OSPGCommonHelper.m in Sources */ = {isa = PBXBuildFile; fileRef = 3DD5293B296D084600414684 /* OSPGCommonHelper.m */; };
		3DD52948296E553000414684 /* OSPGMovieDetailVC.m in Sources */ = {isa = PBXBuildFile; fileRef = 3DD52947296E553000414684 /* OSPGMovieDetailVC.m */; };
		3DD5294B296E602900414684 /* OSPGMovieDetailRequest.m in Sources */ = {isa = PBXBuildFile; fileRef = 3DD5294A296E602900414684 /* OSPGMovieDetailRequest.m */; };
		3DD5294E296E627300414684 /* OSPGMovieDetailResponse.m in Sources */ = {isa = PBXBuildFile; fileRef = 3DD5294D296E627300414684 /* OSPGMovieDetailResponse.m */; };
		3DD52951296E633E00414684 /* OSPGGenre.m in Sources */ = {isa = PBXBuildFile; fileRef = 3DD52950296E633E00414684 /* OSPGGenre.m */; };
		3DD52954296E635900414684 /* OSPGProductionCompany.m in Sources */ = {isa = PBXBuildFile; fileRef = 3DD52953296E635900414684 /* OSPGProductionCompany.m */; };
		3DD52957296E636500414684 /* OSPGProductionCountry.m in Sources */ = {isa = PBXBuildFile; fileRef = 3DD52956296E636500414684 /* OSPGProductionCountry.m */; };
		3DD5295A296E638E00414684 /* OSPGSpokenLanguage.m in Sources */ = {isa = PBXBuildFile; fileRef = 3DD52959296E638E00414684 /* OSPGSpokenLanguage.m */; };
		3DD5295D296E685300414684 /* OSPGMovieDetailManager.m in Sources */ = {isa = PBXBuildFile; fileRef = 3DD5295C296E685300414684 /* OSPGMovieDetailManager.m */; };
		3DD52968296FF98400414684 /* OSPGCrewCastView.m in Sources */ = {isa = PBXBuildFile; fileRef = 3DD52967296FF98400414684 /* OSPGCrewCastView.m */; };
		3DD5296B296FF9E800414684 /* OSPGMovieDetailView.m in Sources */ = {isa = PBXBuildFile; fileRef = 3DD5296A296FF9E800414684 /* OSPGMovieDetailView.m */; };
		3DD5296E296FFB4F00414684 /* OSPGBaseView.m in Sources */ = {isa = PBXBuildFile; fileRef = 3DD5296D296FFB4F00414684 /* OSPGBaseView.m */; };
		3DD529722970101900414684 /* OSPGCastSmallCell.m in Sources */ = {isa = PBXBuildFile; fileRef = 3DD529712970101900414684 /* OSPGCastSmallCell.m */; };
		3DD529752970119600414684 /* OSPGCrewCastResponse.m in Sources */ = {isa = PBXBuildFile; fileRef = 3DD529742970119600414684 /* OSPGCrewCastResponse.m */; };
		3DD5297B297012BE00414684 /* OSPGCast.m in Sources */ = {isa = PBXBuildFile; fileRef = 3DD5297A297012BE00414684 /* OSPGCast.m */; };
		3DD5297E297012CC00414684 /* OSPGCrew.m in Sources */ = {isa = PBXBuildFile; fileRef = 3DD5297D297012CC00414684 /* OSPGCrew.m */; };
		3DD5298529713E5100414684 /* OSPGPhotoCell.m in Sources */ = {isa = PBXBuildFile; fileRef = 3DD5298429713E5100414684 /* OSPGPhotoCell.m */; };
		3DD5298829713E7C00414684 /* OSPGPhotoView.m in Sources */ = {isa = PBXBuildFile; fileRef = 3DD5298729713E7C00414684 /* OSPGPhotoView.m */; };
		3DD5298B2971435C00414684 /* OSPGImageResponse.m in Sources */ = {isa = PBXBuildFile; fileRef = 3DD5298A2971435C00414684 /* OSPGImageResponse.m */; };
		3DD5298E2971436E00414684 /* OSPGBackdrop.m in Sources */ = {isa = PBXBuildFile; fileRef = 3DD5298D2971436E00414684 /* OSPGBackdrop.m */; };
		3DD529912971437A00414684 /* OSPGPoster.m in Sources */ = {isa = PBXBuildFile; fileRef = 3DD529902971437A00414684 /* OSPGPoster.m */; };
		3DD5299F29715F9000414684 /* OSPGReviewView.m in Sources */ = {isa = PBXBuildFile; fileRef = 3DD5299E29715F9000414684 /* OSPGReviewView.m */; };
		3DD529A52971674300414684 /* OSPGReviewResponse.m in Sources */ = {isa = PBXBuildFile; fileRef = 3DD529A42971674300414684 /* OSPGReviewResponse.m */; };
		3DD529A82971677A00414684 /* OSPGReviewResult.m in Sources */ = {isa = PBXBuildFile; fileRef = 3DD529A72971677A00414684 /* OSPGReviewResult.m */; };
		3DD529AB297167A800414684 /* OSPGReviewAuthorDetails.m in Sources */ = {isa = PBXBuildFile; fileRef = 3DD529AA297167A800414684 /* OSPGReviewAuthorDetails.m */; };
		3DD529AE29716D8100414684 /* OSPGReviewSmallCell.m in Sources */ = {isa = PBXBuildFile; fileRef = 3DD529AD29716D8100414684 /* OSPGReviewSmallCell.m */; };
		3DDA7EB52977992A00B17E82 /* OSPGMovieDiscoverRequest.m in Sources */ = {isa = PBXBuildFile; fileRef = 3DDA7EB42977992A00B17E82 /* OSPGMovieDiscoverRequest.m */; };
		3DDA7EBB2977A24800B17E82 /* OSPGMovieResult.m in Sources */ = {isa = PBXBuildFile; fileRef = 3DDA7EB92977A24800B17E82 /* OSPGMovieResult.m */; };
		3DDA7EBE2977A29E00B17E82 /* OSPGMovieDiscoverResponse.m in Sources */ = {isa = PBXBuildFile; fileRef = 3DDA7EBC2977A29E00B17E82 /* OSPGMovieDiscoverResponse.m */; };
		3DDA7EC12977A31400B17E82 /* OSPGDate.m in Sources */ = {isa = PBXBuildFile; fileRef = 3DDA7EC02977A31400B17E82 /* OSPGDate.m */; };
		3DDA7EC72977C59F00B17E82 /* OSPGMovieLatestResponse.m in Sources */ = {isa = PBXBuildFile; fileRef = 3DDA7EC52977C59F00B17E82 /* OSPGMovieLatestResponse.m */; };
		3DDD26A82975380C0029216C /* OSPGCopyRightView.m in Sources */ = {isa = PBXBuildFile; fileRef = 3DDD26A72975380C0029216C /* OSPGCopyRightView.m */; };
		3DDD26AE2975401B0029216C /* OSPGSimilarMovieView.m in Sources */ = {isa = PBXBuildFile; fileRef = 3DDD26AD2975401B0029216C /* OSPGSimilarMovieView.m */; };
		3DDD26B429763B090029216C /* OSPGSimilarMovieCell.m in Sources */ = {isa = PBXBuildFile; fileRef = 3DDD26B329763B090029216C /* OSPGSimilarMovieCell.m */; };
		3DDD26BB2976903C0029216C /* OSPGDiscoverView.m in Sources */ = {isa = PBXBuildFile; fileRef = 3DDD26BA2976903C0029216C /* OSPGDiscoverView.m */; };
		3DF2600B29482834006B20E7 /* AppDelegate.m in Sources */ = {isa = PBXBuildFile; fileRef = 3DF2600A29482834006B20E7 /* AppDelegate.m */; };
		3DF2600E29482834006B20E7 /* SceneDelegate.m in Sources */ = {isa = PBXBuildFile; fileRef = 3DF2600D29482834006B20E7 /* SceneDelegate.m */; };
		3DF2601429482834006B20E7 /* Main.storyboard in Resources */ = {isa = PBXBuildFile; fileRef = 3DF2601229482834006B20E7 /* Main.storyboard */; };
		3DF2601629482835006B20E7 /* Assets.xcassets in Resources */ = {isa = PBXBuildFile; fileRef = 3DF2601529482835006B20E7 /* Assets.xcassets */; };
		3DF2601929482835006B20E7 /* LaunchScreen.storyboard in Resources */ = {isa = PBXBuildFile; fileRef = 3DF2601729482835006B20E7 /* LaunchScreen.storyboard */; };
		3DF2601C29482835006B20E7 /* main.m in Sources */ = {isa = PBXBuildFile; fileRef = 3DF2601B29482835006B20E7 /* main.m */; };
		588F5023BB9AAE0E48FD8DA4 /* libPods-OpenSourcePlayGround.a in Frameworks */ = {isa = PBXBuildFile; fileRef = 6A6F440F802D9EB4A208534C /* libPods-OpenSourcePlayGround.a */; };
/* End PBXBuildFile section */

/* Begin PBXFileReference section */
		27282C6B373D35C1CBCA09C4 /* Pods-OpenSourcePlayGround.release.xcconfig */ = {isa = PBXFileReference; includeInIndex = 1; lastKnownFileType = text.xcconfig; name = "Pods-OpenSourcePlayGround.release.xcconfig"; path = "Target Support Files/Pods-OpenSourcePlayGround/Pods-OpenSourcePlayGround.release.xcconfig"; sourceTree = "<group>"; };
		3D9ADB7C2966E78A000D526B /* OSPGMainVC.m */ = {isa = PBXFileReference; fileEncoding = 4; lastKnownFileType = sourcecode.c.objc; path = OSPGMainVC.m; sourceTree = "<group>"; };
		3D9ADB7D2966E78A000D526B /* OSPGMainVC.h */ = {isa = PBXFileReference; fileEncoding = 4; lastKnownFileType = sourcecode.c.h; path = OSPGMainVC.h; sourceTree = "<group>"; };
		3D9ADB7F2966E7D4000D526B /* OSPGBaseVC.h */ = {isa = PBXFileReference; fileEncoding = 4; lastKnownFileType = sourcecode.c.h; path = OSPGBaseVC.h; sourceTree = "<group>"; };
		3D9ADB802966E7D4000D526B /* OSPGBaseVC.m */ = {isa = PBXFileReference; fileEncoding = 4; lastKnownFileType = sourcecode.c.objc; path = OSPGBaseVC.m; sourceTree = "<group>"; };
		3D9ADB9129682FB0000D526B /* OSPGDiscoverRequest.h */ = {isa = PBXFileReference; lastKnownFileType = sourcecode.c.h; path = OSPGDiscoverRequest.h; sourceTree = "<group>"; };
		3D9ADB9229682FB0000D526B /* OSPGDiscoverRequest.m */ = {isa = PBXFileReference; lastKnownFileType = sourcecode.c.objc; path = OSPGDiscoverRequest.m; sourceTree = "<group>"; };
		3DAE833E295988AC00466D3F /* UIView+Extension.h */ = {isa = PBXFileReference; lastKnownFileType = sourcecode.c.h; path = "UIView+Extension.h"; sourceTree = "<group>"; };
		3DAE833F295988AC00466D3F /* UIView+Extension.m */ = {isa = PBXFileReference; lastKnownFileType = sourcecode.c.objc; path = "UIView+Extension.m"; sourceTree = "<group>"; };
		3DC44E7E294AC38500439323 /* YPNavigationController+Configure.h */ = {isa = PBXFileReference; fileEncoding = 4; lastKnownFileType = sourcecode.c.h; path = "YPNavigationController+Configure.h"; sourceTree = "<group>"; };
		3DC44E7F294AC38500439323 /* YPNavigationController+Configure.m */ = {isa = PBXFileReference; fileEncoding = 4; lastKnownFileType = sourcecode.c.objc; path = "YPNavigationController+Configure.m"; sourceTree = "<group>"; };
		3DC44E81294AC80500439323 /* SceneDelegate+CYLTabBar.h */ = {isa = PBXFileReference; lastKnownFileType = sourcecode.c.h; path = "SceneDelegate+CYLTabBar.h"; sourceTree = "<group>"; };
		3DC44E82294AC80500439323 /* SceneDelegate+CYLTabBar.m */ = {isa = PBXFileReference; lastKnownFileType = sourcecode.c.objc; path = "SceneDelegate+CYLTabBar.m"; sourceTree = "<group>"; };
		3DC44E84294ACC8A00439323 /* OSPGAccountViewController.h */ = {isa = PBXFileReference; lastKnownFileType = sourcecode.c.h; path = OSPGAccountViewController.h; sourceTree = "<group>"; };
		3DC44E85294ACC8A00439323 /* OSPGAccountViewController.m */ = {isa = PBXFileReference; lastKnownFileType = sourcecode.c.objc; path = OSPGAccountViewController.m; sourceTree = "<group>"; };
		3DC44E87294ACD2700439323 /* OSPGMessageViewController.h */ = {isa = PBXFileReference; lastKnownFileType = sourcecode.c.h; path = OSPGMessageViewController.h; sourceTree = "<group>"; };
		3DC44E88294ACD2700439323 /* OSPGMessageViewController.m */ = {isa = PBXFileReference; lastKnownFileType = sourcecode.c.objc; path = OSPGMessageViewController.m; sourceTree = "<group>"; };
		3DC44E8A294ACD3C00439323 /* OSPGLearnViewController.h */ = {isa = PBXFileReference; lastKnownFileType = sourcecode.c.h; path = OSPGLearnViewController.h; sourceTree = "<group>"; };
		3DC44E8B294ACD3C00439323 /* OSPGLearnViewController.m */ = {isa = PBXFileReference; lastKnownFileType = sourcecode.c.objc; path = OSPGLearnViewController.m; sourceTree = "<group>"; };
		3DC44E99294AFB1600439323 /* CYLPlusButtonSubclass.h */ = {isa = PBXFileReference; lastKnownFileType = sourcecode.c.h; path = CYLPlusButtonSubclass.h; sourceTree = "<group>"; };
		3DC44E9A294AFB1600439323 /* CYLPlusButtonSubclass.m */ = {isa = PBXFileReference; lastKnownFileType = sourcecode.c.objc; path = CYLPlusButtonSubclass.m; sourceTree = "<group>"; };
		3DC44EA0294B0D0700439323 /* Macros.h */ = {isa = PBXFileReference; lastKnownFileType = sourcecode.c.h; path = Macros.h; sourceTree = "<group>"; };
		3DC44EA1294B177B00439323 /* OSPGTCMViewController.h */ = {isa = PBXFileReference; lastKnownFileType = sourcecode.c.h; path = OSPGTCMViewController.h; sourceTree = "<group>"; };
		3DC44EA2294B177B00439323 /* OSPGTCMViewController.m */ = {isa = PBXFileReference; lastKnownFileType = sourcecode.c.objc; path = OSPGTCMViewController.m; sourceTree = "<group>"; };
		3DD14BAE29860BA8009F20E9 /* OSPGCreditDetailVC.h */ = {isa = PBXFileReference; lastKnownFileType = sourcecode.c.h; path = OSPGCreditDetailVC.h; sourceTree = "<group>"; };
		3DD14BAF29860BA8009F20E9 /* OSPGCreditDetailVC.m */ = {isa = PBXFileReference; lastKnownFileType = sourcecode.c.objc; path = OSPGCreditDetailVC.m; sourceTree = "<group>"; };
		3DD14BB429860D9A009F20E9 /* OSPGCreditDetailRequest.h */ = {isa = PBXFileReference; lastKnownFileType = sourcecode.c.h; path = OSPGCreditDetailRequest.h; sourceTree = "<group>"; };
		3DD14BB529860D9A009F20E9 /* OSPGCreditDetailRequest.m */ = {isa = PBXFileReference; lastKnownFileType = sourcecode.c.objc; path = OSPGCreditDetailRequest.m; sourceTree = "<group>"; };
		3DD14BB7298610FB009F20E9 /* OSPGCreditDetailResponse.h */ = {isa = PBXFileReference; lastKnownFileType = sourcecode.c.h; path = OSPGCreditDetailResponse.h; sourceTree = "<group>"; };
		3DD14BB8298610FB009F20E9 /* OSPGCreditDetailResponse.m */ = {isa = PBXFileReference; lastKnownFileType = sourcecode.c.objc; path = OSPGCreditDetailResponse.m; sourceTree = "<group>"; };
		3DD14BBA29861138009F20E9 /* OSPGMedia.h */ = {isa = PBXFileReference; lastKnownFileType = sourcecode.c.h; path = OSPGMedia.h; sourceTree = "<group>"; };
		3DD14BBB29861138009F20E9 /* OSPGMedia.m */ = {isa = PBXFileReference; lastKnownFileType = sourcecode.c.objc; path = OSPGMedia.m; sourceTree = "<group>"; };
		3DD14BBD2986116E009F20E9 /* OSPGSeason.h */ = {isa = PBXFileReference; lastKnownFileType = sourcecode.c.h; path = OSPGSeason.h; sourceTree = "<group>"; };
		3DD14BBE2986116E009F20E9 /* OSPGSeason.m */ = {isa = PBXFileReference; lastKnownFileType = sourcecode.c.objc; path = OSPGSeason.m; sourceTree = "<group>"; };
		3DD14BC029861199009F20E9 /* OSPGPerson.h */ = {isa = PBXFileReference; lastKnownFileType = sourcecode.c.h; path = OSPGPerson.h; sourceTree = "<group>"; };
		3DD14BC129861199009F20E9 /* OSPGPerson.m */ = {isa = PBXFileReference; lastKnownFileType = sourcecode.c.objc; path = OSPGPerson.m; sourceTree = "<group>"; };
		3DD14BC72986451B009F20E9 /* OSPGTVDiscoverRequest.h */ = {isa = PBXFileReference; lastKnownFileType = sourcecode.c.h; path = OSPGTVDiscoverRequest.h; sourceTree = "<group>"; };
		3DD14BC82986451B009F20E9 /* OSPGTVDiscoverRequest.m */ = {isa = PBXFileReference; lastKnownFileType = sourcecode.c.objc; path = OSPGTVDiscoverRequest.m; sourceTree = "<group>"; };
		3DD14BCA2986472A009F20E9 /* OSPGTVLatestResponse.h */ = {isa = PBXFileReference; lastKnownFileType = sourcecode.c.h; path = OSPGTVLatestResponse.h; sourceTree = "<group>"; };
		3DD14BCB2986472A009F20E9 /* OSPGTVLatestResponse.m */ = {isa = PBXFileReference; lastKnownFileType = sourcecode.c.objc; path = OSPGTVLatestResponse.m; sourceTree = "<group>"; };
		3DD14BCD29864757009F20E9 /* OSPGCreatedBy.h */ = {isa = PBXFileReference; lastKnownFileType = sourcecode.c.h; path = OSPGCreatedBy.h; sourceTree = "<group>"; };
		3DD14BCE29864757009F20E9 /* OSPGCreatedBy.m */ = {isa = PBXFileReference; lastKnownFileType = sourcecode.c.objc; path = OSPGCreatedBy.m; sourceTree = "<group>"; };
		3DD14BD029864777009F20E9 /* OSPGLastEpisodeToAir.h */ = {isa = PBXFileReference; lastKnownFileType = sourcecode.c.h; path = OSPGLastEpisodeToAir.h; sourceTree = "<group>"; };
		3DD14BD129864777009F20E9 /* OSPGLastEpisodeToAir.m */ = {isa = PBXFileReference; lastKnownFileType = sourcecode.c.objc; path = OSPGLastEpisodeToAir.m; sourceTree = "<group>"; };
		3DD14BD329864787009F20E9 /* OSPGNetwork.h */ = {isa = PBXFileReference; lastKnownFileType = sourcecode.c.h; path = OSPGNetwork.h; sourceTree = "<group>"; };
		3DD14BD429864787009F20E9 /* OSPGNetwork.m */ = {isa = PBXFileReference; lastKnownFileType = sourcecode.c.objc; path = OSPGNetwork.m; sourceTree = "<group>"; };
		3DD14BD629864AA3009F20E9 /* OSPGTVDiscoverResponse.h */ = {isa = PBXFileReference; lastKnownFileType = sourcecode.c.h; path = OSPGTVDiscoverResponse.h; sourceTree = "<group>"; };
		3DD14BD729864AA3009F20E9 /* OSPGTVDiscoverResponse.m */ = {isa = PBXFileReference; lastKnownFileType = sourcecode.c.objc; path = OSPGTVDiscoverResponse.m; sourceTree = "<group>"; };
		3DD14BD929864B15009F20E9 /* OSPGTVResult.h */ = {isa = PBXFileReference; lastKnownFileType = sourcecode.c.h; path = OSPGTVResult.h; sourceTree = "<group>"; };
		3DD14BDA29864B15009F20E9 /* OSPGTVResult.m */ = {isa = PBXFileReference; lastKnownFileType = sourcecode.c.objc; path = OSPGTVResult.m; sourceTree = "<group>"; };
		3DD14BDC29864E2D009F20E9 /* OSPGLatestView.m */ = {isa = PBXFileReference; fileEncoding = 4; lastKnownFileType = sourcecode.c.objc; path = OSPGLatestView.m; sourceTree = "<group>"; };
		3DD14BDD29864E2D009F20E9 /* OSPGLatestView.h */ = {isa = PBXFileReference; fileEncoding = 4; lastKnownFileType = sourcecode.c.h; path = OSPGLatestView.h; sourceTree = "<group>"; };
		3DD14BDF298656DB009F20E9 /* OSPGMediaListCell.m */ = {isa = PBXFileReference; fileEncoding = 4; lastKnownFileType = sourcecode.c.objc; path = OSPGMediaListCell.m; sourceTree = "<group>"; };
		3DD14BE0298656DB009F20E9 /* OSPGMediaListCell.h */ = {isa = PBXFileReference; fileEncoding = 4; lastKnownFileType = sourcecode.c.h; path = OSPGMediaListCell.h; sourceTree = "<group>"; };
		3DD14BE2298656F5009F20E9 /* OSPGMediaListVC.h */ = {isa = PBXFileReference; fileEncoding = 4; lastKnownFileType = sourcecode.c.h; path = OSPGMediaListVC.h; sourceTree = "<group>"; };
		3DD14BE3298656F5009F20E9 /* OSPGMediaListVC.m */ = {isa = PBXFileReference; fileEncoding = 4; lastKnownFileType = sourcecode.c.objc; path = OSPGMediaListVC.m; sourceTree = "<group>"; };
		3DD14BE529865B29009F20E9 /* OSPGTVDetailRequest.h */ = {isa = PBXFileReference; lastKnownFileType = sourcecode.c.h; path = OSPGTVDetailRequest.h; sourceTree = "<group>"; };
		3DD14BE629865B29009F20E9 /* OSPGTVDetailRequest.m */ = {isa = PBXFileReference; lastKnownFileType = sourcecode.c.objc; path = OSPGTVDetailRequest.m; sourceTree = "<group>"; };
		3DD14BEB29866485009F20E9 /* OSPGTVDetailManager.h */ = {isa = PBXFileReference; lastKnownFileType = sourcecode.c.h; path = OSPGTVDetailManager.h; sourceTree = "<group>"; };
		3DD14BEC29866485009F20E9 /* OSPGTVDetailManager.m */ = {isa = PBXFileReference; lastKnownFileType = sourcecode.c.objc; path = OSPGTVDetailManager.m; sourceTree = "<group>"; };
		3DD476242949BAC3002B00F5 /* Info.plist */ = {isa = PBXFileReference; lastKnownFileType = text.plist.xml; name = Info.plist; path = /Users/genzhang/Documents/Learn/OpenSourcePlayGround/OpenSourcePlayGround/Info.plist; sourceTree = "<absolute>"; };
		3DD52922296BB7C100414684 /* OSPGDiscoverManager.h */ = {isa = PBXFileReference; lastKnownFileType = sourcecode.c.h; path = OSPGDiscoverManager.h; sourceTree = "<group>"; };
		3DD52923296BB7C100414684 /* OSPGDiscoverManager.m */ = {isa = PBXFileReference; lastKnownFileType = sourcecode.c.objc; path = OSPGDiscoverManager.m; sourceTree = "<group>"; };
		3DD52928296BEF6500414684 /* OSPGBaseRequest.h */ = {isa = PBXFileReference; lastKnownFileType = sourcecode.c.h; path = OSPGBaseRequest.h; sourceTree = "<group>"; };
		3DD52929296BEF6500414684 /* OSPGBaseRequest.m */ = {isa = PBXFileReference; lastKnownFileType = sourcecode.c.objc; path = OSPGBaseRequest.m; sourceTree = "<group>"; };
		3DD5292E296BFE8800414684 /* OSPGBaseModel.h */ = {isa = PBXFileReference; lastKnownFileType = sourcecode.c.h; path = OSPGBaseModel.h; sourceTree = "<group>"; };
		3DD5292F296BFE8800414684 /* OSPGBaseModel.m */ = {isa = PBXFileReference; lastKnownFileType = sourcecode.c.objc; path = OSPGBaseModel.m; sourceTree = "<group>"; };
		3DD52931296C086D00414684 /* OSPGDiscoverCell.h */ = {isa = PBXFileReference; lastKnownFileType = sourcecode.c.h; path = OSPGDiscoverCell.h; sourceTree = "<group>"; };
		3DD52932296C086D00414684 /* OSPGDiscoverCell.m */ = {isa = PBXFileReference; lastKnownFileType = sourcecode.c.objc; path = OSPGDiscoverCell.m; sourceTree = "<group>"; };
		3DD5293A296D084600414684 /* OSPGCommonHelper.h */ = {isa = PBXFileReference; lastKnownFileType = sourcecode.c.h; path = OSPGCommonHelper.h; sourceTree = "<group>"; };
		3DD5293B296D084600414684 /* OSPGCommonHelper.m */ = {isa = PBXFileReference; lastKnownFileType = sourcecode.c.objc; path = OSPGCommonHelper.m; sourceTree = "<group>"; };
		3DD52946296E553000414684 /* OSPGMovieDetailVC.h */ = {isa = PBXFileReference; lastKnownFileType = sourcecode.c.h; path = OSPGMovieDetailVC.h; sourceTree = "<group>"; };
		3DD52947296E553000414684 /* OSPGMovieDetailVC.m */ = {isa = PBXFileReference; lastKnownFileType = sourcecode.c.objc; path = OSPGMovieDetailVC.m; sourceTree = "<group>"; };
		3DD52949296E602900414684 /* OSPGMovieDetailRequest.h */ = {isa = PBXFileReference; lastKnownFileType = sourcecode.c.h; path = OSPGMovieDetailRequest.h; sourceTree = "<group>"; };
		3DD5294A296E602900414684 /* OSPGMovieDetailRequest.m */ = {isa = PBXFileReference; lastKnownFileType = sourcecode.c.objc; path = OSPGMovieDetailRequest.m; sourceTree = "<group>"; };
		3DD5294C296E627300414684 /* OSPGMovieDetailResponse.h */ = {isa = PBXFileReference; lastKnownFileType = sourcecode.c.h; path = OSPGMovieDetailResponse.h; sourceTree = "<group>"; };
		3DD5294D296E627300414684 /* OSPGMovieDetailResponse.m */ = {isa = PBXFileReference; lastKnownFileType = sourcecode.c.objc; path = OSPGMovieDetailResponse.m; sourceTree = "<group>"; };
		3DD5294F296E633E00414684 /* OSPGGenre.h */ = {isa = PBXFileReference; lastKnownFileType = sourcecode.c.h; path = OSPGGenre.h; sourceTree = "<group>"; };
		3DD52950296E633E00414684 /* OSPGGenre.m */ = {isa = PBXFileReference; lastKnownFileType = sourcecode.c.objc; path = OSPGGenre.m; sourceTree = "<group>"; };
		3DD52952296E635900414684 /* OSPGProductionCompany.h */ = {isa = PBXFileReference; lastKnownFileType = sourcecode.c.h; path = OSPGProductionCompany.h; sourceTree = "<group>"; };
		3DD52953296E635900414684 /* OSPGProductionCompany.m */ = {isa = PBXFileReference; lastKnownFileType = sourcecode.c.objc; path = OSPGProductionCompany.m; sourceTree = "<group>"; };
		3DD52955296E636500414684 /* OSPGProductionCountry.h */ = {isa = PBXFileReference; lastKnownFileType = sourcecode.c.h; path = OSPGProductionCountry.h; sourceTree = "<group>"; };
		3DD52956296E636500414684 /* OSPGProductionCountry.m */ = {isa = PBXFileReference; lastKnownFileType = sourcecode.c.objc; path = OSPGProductionCountry.m; sourceTree = "<group>"; };
		3DD52958296E638E00414684 /* OSPGSpokenLanguage.h */ = {isa = PBXFileReference; lastKnownFileType = sourcecode.c.h; path = OSPGSpokenLanguage.h; sourceTree = "<group>"; };
		3DD52959296E638E00414684 /* OSPGSpokenLanguage.m */ = {isa = PBXFileReference; lastKnownFileType = sourcecode.c.objc; path = OSPGSpokenLanguage.m; sourceTree = "<group>"; };
		3DD5295B296E685300414684 /* OSPGMovieDetailManager.h */ = {isa = PBXFileReference; lastKnownFileType = sourcecode.c.h; path = OSPGMovieDetailManager.h; sourceTree = "<group>"; };
		3DD5295C296E685300414684 /* OSPGMovieDetailManager.m */ = {isa = PBXFileReference; lastKnownFileType = sourcecode.c.objc; path = OSPGMovieDetailManager.m; sourceTree = "<group>"; };
		3DD52966296FF98400414684 /* OSPGCrewCastView.h */ = {isa = PBXFileReference; lastKnownFileType = sourcecode.c.h; path = OSPGCrewCastView.h; sourceTree = "<group>"; };
		3DD52967296FF98400414684 /* OSPGCrewCastView.m */ = {isa = PBXFileReference; lastKnownFileType = sourcecode.c.objc; path = OSPGCrewCastView.m; sourceTree = "<group>"; };
		3DD52969296FF9E800414684 /* OSPGMovieDetailView.h */ = {isa = PBXFileReference; lastKnownFileType = sourcecode.c.h; path = OSPGMovieDetailView.h; sourceTree = "<group>"; };
		3DD5296A296FF9E800414684 /* OSPGMovieDetailView.m */ = {isa = PBXFileReference; lastKnownFileType = sourcecode.c.objc; path = OSPGMovieDetailView.m; sourceTree = "<group>"; };
		3DD5296C296FFB4F00414684 /* OSPGBaseView.h */ = {isa = PBXFileReference; lastKnownFileType = sourcecode.c.h; path = OSPGBaseView.h; sourceTree = "<group>"; };
		3DD5296D296FFB4F00414684 /* OSPGBaseView.m */ = {isa = PBXFileReference; lastKnownFileType = sourcecode.c.objc; path = OSPGBaseView.m; sourceTree = "<group>"; };
		3DD529702970101900414684 /* OSPGCastSmallCell.h */ = {isa = PBXFileReference; lastKnownFileType = sourcecode.c.h; path = OSPGCastSmallCell.h; sourceTree = "<group>"; };
		3DD529712970101900414684 /* OSPGCastSmallCell.m */ = {isa = PBXFileReference; lastKnownFileType = sourcecode.c.objc; path = OSPGCastSmallCell.m; sourceTree = "<group>"; };
		3DD529732970119600414684 /* OSPGCrewCastResponse.h */ = {isa = PBXFileReference; lastKnownFileType = sourcecode.c.h; path = OSPGCrewCastResponse.h; sourceTree = "<group>"; };
		3DD529742970119600414684 /* OSPGCrewCastResponse.m */ = {isa = PBXFileReference; lastKnownFileType = sourcecode.c.objc; path = OSPGCrewCastResponse.m; sourceTree = "<group>"; };
		3DD52979297012BE00414684 /* OSPGCast.h */ = {isa = PBXFileReference; lastKnownFileType = sourcecode.c.h; path = OSPGCast.h; sourceTree = "<group>"; };
		3DD5297A297012BE00414684 /* OSPGCast.m */ = {isa = PBXFileReference; lastKnownFileType = sourcecode.c.objc; path = OSPGCast.m; sourceTree = "<group>"; };
		3DD5297C297012CC00414684 /* OSPGCrew.h */ = {isa = PBXFileReference; lastKnownFileType = sourcecode.c.h; path = OSPGCrew.h; sourceTree = "<group>"; };
		3DD5297D297012CC00414684 /* OSPGCrew.m */ = {isa = PBXFileReference; lastKnownFileType = sourcecode.c.objc; path = OSPGCrew.m; sourceTree = "<group>"; };
		3DD5298329713E5100414684 /* OSPGPhotoCell.h */ = {isa = PBXFileReference; fileEncoding = 4; lastKnownFileType = sourcecode.c.h; path = OSPGPhotoCell.h; sourceTree = "<group>"; };
		3DD5298429713E5100414684 /* OSPGPhotoCell.m */ = {isa = PBXFileReference; fileEncoding = 4; lastKnownFileType = sourcecode.c.objc; path = OSPGPhotoCell.m; sourceTree = "<group>"; };
		3DD5298629713E7C00414684 /* OSPGPhotoView.h */ = {isa = PBXFileReference; lastKnownFileType = sourcecode.c.h; path = OSPGPhotoView.h; sourceTree = "<group>"; };
		3DD5298729713E7C00414684 /* OSPGPhotoView.m */ = {isa = PBXFileReference; lastKnownFileType = sourcecode.c.objc; path = OSPGPhotoView.m; sourceTree = "<group>"; };
		3DD529892971435C00414684 /* OSPGImageResponse.h */ = {isa = PBXFileReference; lastKnownFileType = sourcecode.c.h; path = OSPGImageResponse.h; sourceTree = "<group>"; };
		3DD5298A2971435C00414684 /* OSPGImageResponse.m */ = {isa = PBXFileReference; lastKnownFileType = sourcecode.c.objc; path = OSPGImageResponse.m; sourceTree = "<group>"; };
		3DD5298C2971436E00414684 /* OSPGBackdrop.h */ = {isa = PBXFileReference; lastKnownFileType = sourcecode.c.h; path = OSPGBackdrop.h; sourceTree = "<group>"; };
		3DD5298D2971436E00414684 /* OSPGBackdrop.m */ = {isa = PBXFileReference; lastKnownFileType = sourcecode.c.objc; path = OSPGBackdrop.m; sourceTree = "<group>"; };
		3DD5298F2971437A00414684 /* OSPGPoster.h */ = {isa = PBXFileReference; lastKnownFileType = sourcecode.c.h; path = OSPGPoster.h; sourceTree = "<group>"; };
		3DD529902971437A00414684 /* OSPGPoster.m */ = {isa = PBXFileReference; lastKnownFileType = sourcecode.c.objc; path = OSPGPoster.m; sourceTree = "<group>"; };
		3DD5299D29715F9000414684 /* OSPGReviewView.h */ = {isa = PBXFileReference; lastKnownFileType = sourcecode.c.h; path = OSPGReviewView.h; sourceTree = "<group>"; };
		3DD5299E29715F9000414684 /* OSPGReviewView.m */ = {isa = PBXFileReference; lastKnownFileType = sourcecode.c.objc; path = OSPGReviewView.m; sourceTree = "<group>"; };
		3DD529A32971674300414684 /* OSPGReviewResponse.h */ = {isa = PBXFileReference; lastKnownFileType = sourcecode.c.h; path = OSPGReviewResponse.h; sourceTree = "<group>"; };
		3DD529A42971674300414684 /* OSPGReviewResponse.m */ = {isa = PBXFileReference; lastKnownFileType = sourcecode.c.objc; path = OSPGReviewResponse.m; sourceTree = "<group>"; };
		3DD529A62971677A00414684 /* OSPGReviewResult.h */ = {isa = PBXFileReference; lastKnownFileType = sourcecode.c.h; path = OSPGReviewResult.h; sourceTree = "<group>"; };
		3DD529A72971677A00414684 /* OSPGReviewResult.m */ = {isa = PBXFileReference; lastKnownFileType = sourcecode.c.objc; path = OSPGReviewResult.m; sourceTree = "<group>"; };
		3DD529A9297167A800414684 /* OSPGReviewAuthorDetails.h */ = {isa = PBXFileReference; lastKnownFileType = sourcecode.c.h; path = OSPGReviewAuthorDetails.h; sourceTree = "<group>"; };
		3DD529AA297167A800414684 /* OSPGReviewAuthorDetails.m */ = {isa = PBXFileReference; lastKnownFileType = sourcecode.c.objc; path = OSPGReviewAuthorDetails.m; sourceTree = "<group>"; };
		3DD529AC29716D8100414684 /* OSPGReviewSmallCell.h */ = {isa = PBXFileReference; lastKnownFileType = sourcecode.c.h; path = OSPGReviewSmallCell.h; sourceTree = "<group>"; };
		3DD529AD29716D8100414684 /* OSPGReviewSmallCell.m */ = {isa = PBXFileReference; lastKnownFileType = sourcecode.c.objc; path = OSPGReviewSmallCell.m; sourceTree = "<group>"; };
		3DDA7EB32977992A00B17E82 /* OSPGMovieDiscoverRequest.h */ = {isa = PBXFileReference; lastKnownFileType = sourcecode.c.h; path = OSPGMovieDiscoverRequest.h; sourceTree = "<group>"; };
		3DDA7EB42977992A00B17E82 /* OSPGMovieDiscoverRequest.m */ = {isa = PBXFileReference; lastKnownFileType = sourcecode.c.objc; path = OSPGMovieDiscoverRequest.m; sourceTree = "<group>"; };
		3DDA7EB92977A24800B17E82 /* OSPGMovieResult.m */ = {isa = PBXFileReference; fileEncoding = 4; lastKnownFileType = sourcecode.c.objc; path = OSPGMovieResult.m; sourceTree = "<group>"; };
		3DDA7EBA2977A24800B17E82 /* OSPGMovieResult.h */ = {isa = PBXFileReference; fileEncoding = 4; lastKnownFileType = sourcecode.c.h; path = OSPGMovieResult.h; sourceTree = "<group>"; };
		3DDA7EBC2977A29E00B17E82 /* OSPGMovieDiscoverResponse.m */ = {isa = PBXFileReference; fileEncoding = 4; lastKnownFileType = sourcecode.c.objc; path = OSPGMovieDiscoverResponse.m; sourceTree = "<group>"; };
		3DDA7EBD2977A29E00B17E82 /* OSPGMovieDiscoverResponse.h */ = {isa = PBXFileReference; fileEncoding = 4; lastKnownFileType = sourcecode.c.h; path = OSPGMovieDiscoverResponse.h; sourceTree = "<group>"; };
		3DDA7EBF2977A31400B17E82 /* OSPGDate.h */ = {isa = PBXFileReference; lastKnownFileType = sourcecode.c.h; path = OSPGDate.h; sourceTree = "<group>"; };
		3DDA7EC02977A31400B17E82 /* OSPGDate.m */ = {isa = PBXFileReference; lastKnownFileType = sourcecode.c.objc; path = OSPGDate.m; sourceTree = "<group>"; };
		3DDA7EC52977C59F00B17E82 /* OSPGMovieLatestResponse.m */ = {isa = PBXFileReference; fileEncoding = 4; lastKnownFileType = sourcecode.c.objc; path = OSPGMovieLatestResponse.m; sourceTree = "<group>"; };
		3DDA7EC62977C59F00B17E82 /* OSPGMovieLatestResponse.h */ = {isa = PBXFileReference; fileEncoding = 4; lastKnownFileType = sourcecode.c.h; path = OSPGMovieLatestResponse.h; sourceTree = "<group>"; };
		3DDD26A62975380C0029216C /* OSPGCopyRightView.h */ = {isa = PBXFileReference; lastKnownFileType = sourcecode.c.h; path = OSPGCopyRightView.h; sourceTree = "<group>"; };
		3DDD26A72975380C0029216C /* OSPGCopyRightView.m */ = {isa = PBXFileReference; lastKnownFileType = sourcecode.c.objc; path = OSPGCopyRightView.m; sourceTree = "<group>"; };
		3DDD26AC2975401B0029216C /* OSPGSimilarMovieView.h */ = {isa = PBXFileReference; lastKnownFileType = sourcecode.c.h; path = OSPGSimilarMovieView.h; sourceTree = "<group>"; };
		3DDD26AD2975401B0029216C /* OSPGSimilarMovieView.m */ = {isa = PBXFileReference; lastKnownFileType = sourcecode.c.objc; path = OSPGSimilarMovieView.m; sourceTree = "<group>"; };
		3DDD26B229763B090029216C /* OSPGSimilarMovieCell.h */ = {isa = PBXFileReference; lastKnownFileType = sourcecode.c.h; path = OSPGSimilarMovieCell.h; sourceTree = "<group>"; };
		3DDD26B329763B090029216C /* OSPGSimilarMovieCell.m */ = {isa = PBXFileReference; lastKnownFileType = sourcecode.c.objc; path = OSPGSimilarMovieCell.m; sourceTree = "<group>"; };
		3DDD26B92976903C0029216C /* OSPGDiscoverView.h */ = {isa = PBXFileReference; lastKnownFileType = sourcecode.c.h; path = OSPGDiscoverView.h; sourceTree = "<group>"; };
		3DDD26BA2976903C0029216C /* OSPGDiscoverView.m */ = {isa = PBXFileReference; lastKnownFileType = sourcecode.c.objc; path = OSPGDiscoverView.m; sourceTree = "<group>"; };
		3DF2600629482834006B20E7 /* OpenSourcePlayGround.app */ = {isa = PBXFileReference; explicitFileType = wrapper.application; includeInIndex = 0; path = OpenSourcePlayGround.app; sourceTree = BUILT_PRODUCTS_DIR; };
		3DF2600929482834006B20E7 /* AppDelegate.h */ = {isa = PBXFileReference; lastKnownFileType = sourcecode.c.h; path = AppDelegate.h; sourceTree = "<group>"; };
		3DF2600A29482834006B20E7 /* AppDelegate.m */ = {isa = PBXFileReference; lastKnownFileType = sourcecode.c.objc; path = AppDelegate.m; sourceTree = "<group>"; };
		3DF2600C29482834006B20E7 /* SceneDelegate.h */ = {isa = PBXFileReference; lastKnownFileType = sourcecode.c.h; path = SceneDelegate.h; sourceTree = "<group>"; };
		3DF2600D29482834006B20E7 /* SceneDelegate.m */ = {isa = PBXFileReference; lastKnownFileType = sourcecode.c.objc; path = SceneDelegate.m; sourceTree = "<group>"; };
		3DF2601329482834006B20E7 /* Base */ = {isa = PBXFileReference; lastKnownFileType = file.storyboard; name = Base; path = Base.lproj/Main.storyboard; sourceTree = "<group>"; };
		3DF2601529482835006B20E7 /* Assets.xcassets */ = {isa = PBXFileReference; lastKnownFileType = folder.assetcatalog; path = Assets.xcassets; sourceTree = "<group>"; };
		3DF2601829482835006B20E7 /* Base */ = {isa = PBXFileReference; lastKnownFileType = file.storyboard; name = Base; path = Base.lproj/LaunchScreen.storyboard; sourceTree = "<group>"; };
		3DF2601B29482835006B20E7 /* main.m */ = {isa = PBXFileReference; lastKnownFileType = sourcecode.c.objc; path = main.m; sourceTree = "<group>"; };
		6A6F440F802D9EB4A208534C /* libPods-OpenSourcePlayGround.a */ = {isa = PBXFileReference; explicitFileType = archive.ar; includeInIndex = 0; path = "libPods-OpenSourcePlayGround.a"; sourceTree = BUILT_PRODUCTS_DIR; };
		993AF9F6D80109D2FDC0748F /* Pods-OpenSourcePlayGround.debug.xcconfig */ = {isa = PBXFileReference; includeInIndex = 1; lastKnownFileType = text.xcconfig; name = "Pods-OpenSourcePlayGround.debug.xcconfig"; path = "Target Support Files/Pods-OpenSourcePlayGround/Pods-OpenSourcePlayGround.debug.xcconfig"; sourceTree = "<group>"; };
/* End PBXFileReference section */

/* Begin PBXFrameworksBuildPhase section */
		3DF2600329482834006B20E7 /* Frameworks */ = {
			isa = PBXFrameworksBuildPhase;
			buildActionMask = 2147483647;
			files = (
				588F5023BB9AAE0E48FD8DA4 /* libPods-OpenSourcePlayGround.a in Frameworks */,
			);
			runOnlyForDeploymentPostprocessing = 0;
		};
/* End PBXFrameworksBuildPhase section */

/* Begin PBXGroup section */
		3D9ADB8D29681F3B000D526B /* NetWork */ = {
			isa = PBXGroup;
			children = (
				3DD52922296BB7C100414684 /* OSPGDiscoverManager.h */,
				3DD52923296BB7C100414684 /* OSPGDiscoverManager.m */,
			);
			path = NetWork;
			sourceTree = "<group>";
		};
		3DC44E632949BC4800439323 /* Base */ = {
			isa = PBXGroup;
			children = (
				3DD52945296E54F300414684 /* Model */,
				3DD5296F296FFB5A00414684 /* View */,
				3DC44E7D294AC1C100439323 /* ViewController */,
			);
			path = Base;
			sourceTree = "<group>";
		};
		3DC44E642949BC4E00439323 /* Main */ = {
			isa = PBXGroup;
			children = (
				3DC44E672949BC7D00439323 /* Model */,
				3D9ADB8D29681F3B000D526B /* NetWork */,
				3DC44E662949BC7500439323 /* View */,
				3DC44E652949BC6200439323 /* ViewController */,
			);
			path = Main;
			sourceTree = "<group>";
		};
		3DC44E652949BC6200439323 /* ViewController */ = {
			isa = PBXGroup;
			children = (
				3D9ADB7D2966E78A000D526B /* OSPGMainVC.h */,
				3D9ADB7C2966E78A000D526B /* OSPGMainVC.m */,
			);
			path = ViewController;
			sourceTree = "<group>";
		};
		3DC44E662949BC7500439323 /* View */ = {
			isa = PBXGroup;
			children = (
				3DDD26A62975380C0029216C /* OSPGCopyRightView.h */,
				3DDD26A72975380C0029216C /* OSPGCopyRightView.m */,
				3DD52931296C086D00414684 /* OSPGDiscoverCell.h */,
				3DD52932296C086D00414684 /* OSPGDiscoverCell.m */,
				3DDD26B92976903C0029216C /* OSPGDiscoverView.h */,
				3DDD26BA2976903C0029216C /* OSPGDiscoverView.m */,
				3DD14BDD29864E2D009F20E9 /* OSPGLatestView.h */,
				3DD14BDC29864E2D009F20E9 /* OSPGLatestView.m */,
			);
			path = View;
			sourceTree = "<group>";
		};
		3DC44E672949BC7D00439323 /* Model */ = {
			isa = PBXGroup;
			children = (
				3DD14BCD29864757009F20E9 /* OSPGCreatedBy.h */,
				3DD14BCE29864757009F20E9 /* OSPGCreatedBy.m */,
				3DDA7EBF2977A31400B17E82 /* OSPGDate.h */,
				3DDA7EC02977A31400B17E82 /* OSPGDate.m */,
				3D9ADB9129682FB0000D526B /* OSPGDiscoverRequest.h */,
				3D9ADB9229682FB0000D526B /* OSPGDiscoverRequest.m */,
				3DD14BD029864777009F20E9 /* OSPGLastEpisodeToAir.h */,
				3DD14BD129864777009F20E9 /* OSPGLastEpisodeToAir.m */,
				3DDA7EB32977992A00B17E82 /* OSPGMovieDiscoverRequest.h */,
				3DDA7EB42977992A00B17E82 /* OSPGMovieDiscoverRequest.m */,
				3DDA7EBD2977A29E00B17E82 /* OSPGMovieDiscoverResponse.h */,
				3DDA7EBC2977A29E00B17E82 /* OSPGMovieDiscoverResponse.m */,
				3DDA7EC62977C59F00B17E82 /* OSPGMovieLatestResponse.h */,
				3DDA7EC52977C59F00B17E82 /* OSPGMovieLatestResponse.m */,
				3DDA7EBA2977A24800B17E82 /* OSPGMovieResult.h */,
				3DDA7EB92977A24800B17E82 /* OSPGMovieResult.m */,
				3DD14BD329864787009F20E9 /* OSPGNetwork.h */,
				3DD14BD429864787009F20E9 /* OSPGNetwork.m */,
				3DD14BBD2986116E009F20E9 /* OSPGSeason.h */,
				3DD14BBE2986116E009F20E9 /* OSPGSeason.m */,
				3DD14BC72986451B009F20E9 /* OSPGTVDiscoverRequest.h */,
				3DD14BC82986451B009F20E9 /* OSPGTVDiscoverRequest.m */,
				3DD14BD629864AA3009F20E9 /* OSPGTVDiscoverResponse.h */,
				3DD14BD729864AA3009F20E9 /* OSPGTVDiscoverResponse.m */,
				3DD14BCA2986472A009F20E9 /* OSPGTVLatestResponse.h */,
				3DD14BCB2986472A009F20E9 /* OSPGTVLatestResponse.m */,
				3DD14BD929864B15009F20E9 /* OSPGTVResult.h */,
				3DD14BDA29864B15009F20E9 /* OSPGTVResult.m */,
			);
			path = Model;
			sourceTree = "<group>";
		};
		3DC44E7D294AC1C100439323 /* ViewController */ = {
			isa = PBXGroup;
			children = (
				3D9ADB7F2966E7D4000D526B /* OSPGBaseVC.h */,
				3D9ADB802966E7D4000D526B /* OSPGBaseVC.m */,
			);
			path = ViewController;
			sourceTree = "<group>";
		};
		3DC44E8D294AF9A400439323 /* Message */ = {
			isa = PBXGroup;
			children = (
				3DC44E90294AF9BA00439323 /* Model */,
				3DC44E8F294AF9B600439323 /* View */,
				3DC44E8E294AF9AE00439323 /* ViewController */,
			);
			path = Message;
			sourceTree = "<group>";
		};
		3DC44E8E294AF9AE00439323 /* ViewController */ = {
			isa = PBXGroup;
			children = (
				3DC44E87294ACD2700439323 /* OSPGMessageViewController.h */,
				3DC44E88294ACD2700439323 /* OSPGMessageViewController.m */,
			);
			path = ViewController;
			sourceTree = "<group>";
		};
		3DC44E8F294AF9B600439323 /* View */ = {
			isa = PBXGroup;
			children = (
			);
			path = View;
			sourceTree = "<group>";
		};
		3DC44E90294AF9BA00439323 /* Model */ = {
			isa = PBXGroup;
			children = (
			);
			path = Model;
			sourceTree = "<group>";
		};
		3DC44E91294AF9C000439323 /* Account */ = {
			isa = PBXGroup;
			children = (
				3DC44E94294AFA3000439323 /* Model */,
				3DC44E93294AFA2C00439323 /* View */,
				3DC44E92294AFA2400439323 /* ViewController */,
			);
			path = Account;
			sourceTree = "<group>";
		};
		3DC44E92294AFA2400439323 /* ViewController */ = {
			isa = PBXGroup;
			children = (
				3DC44E84294ACC8A00439323 /* OSPGAccountViewController.h */,
				3DC44E85294ACC8A00439323 /* OSPGAccountViewController.m */,
			);
			path = ViewController;
			sourceTree = "<group>";
		};
		3DC44E93294AFA2C00439323 /* View */ = {
			isa = PBXGroup;
			children = (
			);
			path = View;
			sourceTree = "<group>";
		};
		3DC44E94294AFA3000439323 /* Model */ = {
			isa = PBXGroup;
			children = (
			);
			path = Model;
			sourceTree = "<group>";
		};
		3DC44E95294AFA3500439323 /* Learn */ = {
			isa = PBXGroup;
			children = (
				3DC44E98294AFA4C00439323 /* Model */,
				3DC44E97294AFA4500439323 /* View */,
				3DC44E96294AFA3D00439323 /* ViewController */,
			);
			path = Learn;
			sourceTree = "<group>";
		};
		3DC44E96294AFA3D00439323 /* ViewController */ = {
			isa = PBXGroup;
			children = (
				3DC44E8A294ACD3C00439323 /* OSPGLearnViewController.h */,
				3DC44E8B294ACD3C00439323 /* OSPGLearnViewController.m */,
			);
			path = ViewController;
			sourceTree = "<group>";
		};
		3DC44E97294AFA4500439323 /* View */ = {
			isa = PBXGroup;
			children = (
			);
			path = View;
			sourceTree = "<group>";
		};
		3DC44E98294AFA4C00439323 /* Model */ = {
			isa = PBXGroup;
			children = (
			);
			path = Model;
			sourceTree = "<group>";
		};
		3DC44E9C294B0B0E00439323 /* TCM */ = {
			isa = PBXGroup;
			children = (
				3DC44E9F294B0B3500439323 /* Model */,
				3DC44E9E294B0B3100439323 /* View */,
				3DC44E9D294B0B2900439323 /* ViewController */,
			);
			path = TCM;
			sourceTree = "<group>";
		};
		3DC44E9D294B0B2900439323 /* ViewController */ = {
			isa = PBXGroup;
			children = (
				3DC44EA1294B177B00439323 /* OSPGTCMViewController.h */,
				3DC44EA2294B177B00439323 /* OSPGTCMViewController.m */,
			);
			path = ViewController;
			sourceTree = "<group>";
		};
		3DC44E9E294B0B3100439323 /* View */ = {
			isa = PBXGroup;
			children = (
			);
			path = View;
			sourceTree = "<group>";
		};
		3DC44E9F294B0B3500439323 /* Model */ = {
			isa = PBXGroup;
			children = (
			);
			path = Model;
			sourceTree = "<group>";
		};
		3DD14BA82984C2F4009F20E9 /* List */ = {
			isa = PBXGroup;
			children = (
				3DD14BA92984C321009F20E9 /* Model */,
				3DD14BAA2984C327009F20E9 /* Network */,
				3DD14BAB2984C32E009F20E9 /* View */,
				3DD14BAC2984C333009F20E9 /* ViewController */,
			);
			path = List;
			sourceTree = "<group>";
		};
		3DD14BA92984C321009F20E9 /* Model */ = {
			isa = PBXGroup;
			children = (
			);
			path = Model;
			sourceTree = "<group>";
		};
		3DD14BAA2984C327009F20E9 /* Network */ = {
			isa = PBXGroup;
			children = (
			);
			path = Network;
			sourceTree = "<group>";
		};
		3DD14BAB2984C32E009F20E9 /* View */ = {
			isa = PBXGroup;
			children = (
				3DD14BE0298656DB009F20E9 /* OSPGMediaListCell.h */,
				3DD14BDF298656DB009F20E9 /* OSPGMediaListCell.m */,
			);
			path = View;
			sourceTree = "<group>";
		};
		3DD14BAC2984C333009F20E9 /* ViewController */ = {
			isa = PBXGroup;
			children = (
				3DD14BE2298656F5009F20E9 /* OSPGMediaListVC.h */,
				3DD14BE3298656F5009F20E9 /* OSPGMediaListVC.m */,
			);
			path = ViewController;
			sourceTree = "<group>";
		};
		3DD4761F2949B8B4002B00F5 /* Util */ = {
			isa = PBXGroup;
			children = (
			);
			path = Util;
			sourceTree = "<group>";
		};
		3DD476202949B93F002B00F5 /* Common */ = {
			isa = PBXGroup;
			children = (
				3DC44EA0294B0D0700439323 /* Macros.h */,
				3DC44E7E294AC38500439323 /* YPNavigationController+Configure.h */,
				3DC44E7F294AC38500439323 /* YPNavigationController+Configure.m */,
				3DC44E99294AFB1600439323 /* CYLPlusButtonSubclass.h */,
				3DC44E9A294AFB1600439323 /* CYLPlusButtonSubclass.m */,
				3DAE833E295988AC00466D3F /* UIView+Extension.h */,
				3DAE833F295988AC00466D3F /* UIView+Extension.m */,
				3DD5293A296D084600414684 /* OSPGCommonHelper.h */,
				3DD5293B296D084600414684 /* OSPGCommonHelper.m */,
			);
			path = Common;
			sourceTree = "<group>";
		};
		3DD476212949B952002B00F5 /* Sections */ = {
			isa = PBXGroup;
			children = (
				3DC44E91294AF9C000439323 /* Account */,
				3DC44E632949BC4800439323 /* Base */,
				3DD52940296E543200414684 /* Detail */,
				3DC44E95294AFA3500439323 /* Learn */,
				3DD14BA82984C2F4009F20E9 /* List */,
				3DC44E642949BC4E00439323 /* Main */,
				3DC44E8D294AF9A400439323 /* Message */,
				3DC44E9C294B0B0E00439323 /* TCM */,
			);
			path = Sections;
			sourceTree = "<group>";
		};
		3DD476222949B971002B00F5 /* Resource */ = {
			isa = PBXGroup;
			children = (
				3DF2601529482835006B20E7 /* Assets.xcassets */,
				3DF2601229482834006B20E7 /* Main.storyboard */,
				3DF2601729482835006B20E7 /* LaunchScreen.storyboard */,
			);
			path = Resource;
			sourceTree = "<group>";
		};
		3DD476232949B9FB002B00F5 /* AppDelegate */ = {
			isa = PBXGroup;
			children = (
				3DF2600929482834006B20E7 /* AppDelegate.h */,
				3DF2600A29482834006B20E7 /* AppDelegate.m */,
				3DF2600C29482834006B20E7 /* SceneDelegate.h */,
				3DF2600D29482834006B20E7 /* SceneDelegate.m */,
				3DC44E81294AC80500439323 /* SceneDelegate+CYLTabBar.h */,
				3DC44E82294AC80500439323 /* SceneDelegate+CYLTabBar.m */,
			);
			path = AppDelegate;
			sourceTree = "<group>";
		};
		3DD52940296E543200414684 /* Detail */ = {
			isa = PBXGroup;
			children = (
				3DD52944296E546A00414684 /* Model */,
				3DD52941296E544500414684 /* Network */,
				3DD52943296E546500414684 /* View */,
				3DD52942296E544C00414684 /* ViewController */,
			);
			path = Detail;
			sourceTree = "<group>";
		};
		3DD52941296E544500414684 /* Network */ = {
			isa = PBXGroup;
			children = (
				3DDD26B629764BC90029216C /* Credits */,
				3DD5299829715C5F00414684 /* TV */,
				3DD5299729715C5800414684 /* Movie */,
			);
			path = Network;
			sourceTree = "<group>";
		};
		3DD52942296E544C00414684 /* ViewController */ = {
			isa = PBXGroup;
			children = (
				3DDD26B829764BD60029216C /* Credits */,
				3DD5299C29715C7D00414684 /* TV */,
				3DD5299B29715C7700414684 /* Movie */,
			);
			path = ViewController;
			sourceTree = "<group>";
		};
		3DD52943296E546500414684 /* View */ = {
			isa = PBXGroup;
			children = (
				3DDD26B729764BD10029216C /* Credits */,
				3DD5299A29715C6E00414684 /* TV */,
				3DD5299929715C6700414684 /* Movie */,
			);
			path = View;
			sourceTree = "<group>";
		};
		3DD52944296E546A00414684 /* Model */ = {
			isa = PBXGroup;
			children = (
				3DDD26B529764BA80029216C /* Credits */,
				3DD5299629715C4400414684 /* TV */,
				3DD5299529715C3C00414684 /* Movie */,
			);
			path = Model;
			sourceTree = "<group>";
		};
		3DD52945296E54F300414684 /* Model */ = {
			isa = PBXGroup;
			children = (
				3DD52928296BEF6500414684 /* OSPGBaseRequest.h */,
				3DD52929296BEF6500414684 /* OSPGBaseRequest.m */,
				3DD5292E296BFE8800414684 /* OSPGBaseModel.h */,
				3DD5292F296BFE8800414684 /* OSPGBaseModel.m */,
			);
			path = Model;
			sourceTree = "<group>";
		};
		3DD5296F296FFB5A00414684 /* View */ = {
			isa = PBXGroup;
			children = (
				3DD5296C296FFB4F00414684 /* OSPGBaseView.h */,
				3DD5296D296FFB4F00414684 /* OSPGBaseView.m */,
			);
			path = View;
			sourceTree = "<group>";
		};
		3DD5299529715C3C00414684 /* Movie */ = {
			isa = PBXGroup;
			children = (
				3DD5298C2971436E00414684 /* OSPGBackdrop.h */,
				3DD5298D2971436E00414684 /* OSPGBackdrop.m */,
				3DD52979297012BE00414684 /* OSPGCast.h */,
				3DD5297A297012BE00414684 /* OSPGCast.m */,
				3DD5297C297012CC00414684 /* OSPGCrew.h */,
				3DD5297D297012CC00414684 /* OSPGCrew.m */,
				3DD529732970119600414684 /* OSPGCrewCastResponse.h */,
				3DD529742970119600414684 /* OSPGCrewCastResponse.m */,
				3DD5294F296E633E00414684 /* OSPGGenre.h */,
				3DD52950296E633E00414684 /* OSPGGenre.m */,
				3DD529892971435C00414684 /* OSPGImageResponse.h */,
				3DD5298A2971435C00414684 /* OSPGImageResponse.m */,
				3DD52949296E602900414684 /* OSPGMovieDetailRequest.h */,
				3DD5294A296E602900414684 /* OSPGMovieDetailRequest.m */,
				3DD5294C296E627300414684 /* OSPGMovieDetailResponse.h */,
				3DD5294D296E627300414684 /* OSPGMovieDetailResponse.m */,
				3DD5298F2971437A00414684 /* OSPGPoster.h */,
				3DD529902971437A00414684 /* OSPGPoster.m */,
				3DD52952296E635900414684 /* OSPGProductionCompany.h */,
				3DD52953296E635900414684 /* OSPGProductionCompany.m */,
				3DD52955296E636500414684 /* OSPGProductionCountry.h */,
				3DD52956296E636500414684 /* OSPGProductionCountry.m */,
				3DD529A9297167A800414684 /* OSPGReviewAuthorDetails.h */,
				3DD529AA297167A800414684 /* OSPGReviewAuthorDetails.m */,
				3DD529A32971674300414684 /* OSPGReviewResponse.h */,
				3DD529A42971674300414684 /* OSPGReviewResponse.m */,
				3DD529A62971677A00414684 /* OSPGReviewResult.h */,
				3DD529A72971677A00414684 /* OSPGReviewResult.m */,
				3DD52958296E638E00414684 /* OSPGSpokenLanguage.h */,
				3DD52959296E638E00414684 /* OSPGSpokenLanguage.m */,
			);
			path = Movie;
			sourceTree = "<group>";
		};
		3DD5299629715C4400414684 /* TV */ = {
			isa = PBXGroup;
			children = (
				3DD14BE529865B29009F20E9 /* OSPGTVDetailRequest.h */,
				3DD14BE629865B29009F20E9 /* OSPGTVDetailRequest.m */,
			);
			path = TV;
			sourceTree = "<group>";
		};
		3DD5299729715C5800414684 /* Movie */ = {
			isa = PBXGroup;
			children = (
				3DD5295B296E685300414684 /* OSPGMovieDetailManager.h */,
				3DD5295C296E685300414684 /* OSPGMovieDetailManager.m */,
			);
			path = Movie;
			sourceTree = "<group>";
		};
		3DD5299829715C5F00414684 /* TV */ = {
			isa = PBXGroup;
			children = (
				3DD14BEB29866485009F20E9 /* OSPGTVDetailManager.h */,
				3DD14BEC29866485009F20E9 /* OSPGTVDetailManager.m */,
			);
			path = TV;
			sourceTree = "<group>";
		};
		3DD5299929715C6700414684 /* Movie */ = {
			isa = PBXGroup;
			children = (
				3DD529702970101900414684 /* OSPGCastSmallCell.h */,
				3DD529712970101900414684 /* OSPGCastSmallCell.m */,
				3DD52966296FF98400414684 /* OSPGCrewCastView.h */,
				3DD52967296FF98400414684 /* OSPGCrewCastView.m */,
				3DD52969296FF9E800414684 /* OSPGMovieDetailView.h */,
				3DD5296A296FF9E800414684 /* OSPGMovieDetailView.m */,
				3DD5298329713E5100414684 /* OSPGPhotoCell.h */,
				3DD5298429713E5100414684 /* OSPGPhotoCell.m */,
				3DD5298629713E7C00414684 /* OSPGPhotoView.h */,
				3DD5298729713E7C00414684 /* OSPGPhotoView.m */,
				3DD529AC29716D8100414684 /* OSPGReviewSmallCell.h */,
				3DD529AD29716D8100414684 /* OSPGReviewSmallCell.m */,
				3DD5299D29715F9000414684 /* OSPGReviewView.h */,
				3DD5299E29715F9000414684 /* OSPGReviewView.m */,
				3DDD26B229763B090029216C /* OSPGSimilarMovieCell.h */,
				3DDD26B329763B090029216C /* OSPGSimilarMovieCell.m */,
				3DDD26AC2975401B0029216C /* OSPGSimilarMovieView.h */,
				3DDD26AD2975401B0029216C /* OSPGSimilarMovieView.m */,
			);
			path = Movie;
			sourceTree = "<group>";
		};
		3DD5299A29715C6E00414684 /* TV */ = {
			isa = PBXGroup;
			children = (
			);
			path = TV;
			sourceTree = "<group>";
		};
		3DD5299B29715C7700414684 /* Movie */ = {
			isa = PBXGroup;
			children = (
				3DD52946296E553000414684 /* OSPGMovieDetailVC.h */,
				3DD52947296E553000414684 /* OSPGMovieDetailVC.m */,
			);
			path = Movie;
			sourceTree = "<group>";
		};
		3DD5299C29715C7D00414684 /* TV */ = {
			isa = PBXGroup;
			children = (
			);
			path = TV;
			sourceTree = "<group>";
		};
		3DDD26B529764BA80029216C /* Credits */ = {
			isa = PBXGroup;
			children = (
				3DD14BB429860D9A009F20E9 /* OSPGCreditDetailRequest.h */,
				3DD14BB529860D9A009F20E9 /* OSPGCreditDetailRequest.m */,
				3DD14BB7298610FB009F20E9 /* OSPGCreditDetailResponse.h */,
				3DD14BB8298610FB009F20E9 /* OSPGCreditDetailResponse.m */,
				3DD14BBA29861138009F20E9 /* OSPGMedia.h */,
				3DD14BBB29861138009F20E9 /* OSPGMedia.m */,
				3DD14BC029861199009F20E9 /* OSPGPerson.h */,
				3DD14BC129861199009F20E9 /* OSPGPerson.m */,
			);
			path = Credits;
			sourceTree = "<group>";
		};
		3DDD26B629764BC90029216C /* Credits */ = {
			isa = PBXGroup;
			children = (
			);
			path = Credits;
			sourceTree = "<group>";
		};
		3DDD26B729764BD10029216C /* Credits */ = {
			isa = PBXGroup;
			children = (
			);
			path = Credits;
			sourceTree = "<group>";
		};
		3DDD26B829764BD60029216C /* Credits */ = {
			isa = PBXGroup;
			children = (
				3DD14BAE29860BA8009F20E9 /* OSPGCreditDetailVC.h */,
				3DD14BAF29860BA8009F20E9 /* OSPGCreditDetailVC.m */,
			);
			path = Credits;
			sourceTree = "<group>";
		};
		3DF25FFD29482834006B20E7 = {
			isa = PBXGroup;
			children = (
				3DF2600829482834006B20E7 /* OpenSourcePlayGround */,
				8B8B73644D7B4D575686D1C8 /* Frameworks */,
				3E850BA0C7ED04E817FCCFAE /* Pods */,
				3DF2600729482834006B20E7 /* Products */,
			);
			sourceTree = "<group>";
		};
		3DF2600729482834006B20E7 /* Products */ = {
			isa = PBXGroup;
			children = (
				3DF2600629482834006B20E7 /* OpenSourcePlayGround.app */,
			);
			name = Products;
			sourceTree = "<group>";
		};
		3DF2600829482834006B20E7 /* OpenSourcePlayGround */ = {
			isa = PBXGroup;
			children = (
				3DD476232949B9FB002B00F5 /* AppDelegate */,
				3DD476202949B93F002B00F5 /* Common */,
				3DD476222949B971002B00F5 /* Resource */,
				3DD476212949B952002B00F5 /* Sections */,
				3DD4761F2949B8B4002B00F5 /* Util */,
				3DD476242949BAC3002B00F5 /* Info.plist */,
				3DF2601B29482835006B20E7 /* main.m */,
			);
			path = OpenSourcePlayGround;
			sourceTree = "<group>";
		};
		3E850BA0C7ED04E817FCCFAE /* Pods */ = {
			isa = PBXGroup;
			children = (
				993AF9F6D80109D2FDC0748F /* Pods-OpenSourcePlayGround.debug.xcconfig */,
				27282C6B373D35C1CBCA09C4 /* Pods-OpenSourcePlayGround.release.xcconfig */,
			);
			path = Pods;
			sourceTree = "<group>";
		};
		8B8B73644D7B4D575686D1C8 /* Frameworks */ = {
			isa = PBXGroup;
			children = (
				6A6F440F802D9EB4A208534C /* libPods-OpenSourcePlayGround.a */,
			);
			name = Frameworks;
			sourceTree = "<group>";
		};
/* End PBXGroup section */

/* Begin PBXNativeTarget section */
		3DF2600529482834006B20E7 /* OpenSourcePlayGround */ = {
			isa = PBXNativeTarget;
			buildConfigurationList = 3DF2601F29482835006B20E7 /* Build configuration list for PBXNativeTarget "OpenSourcePlayGround" */;
			buildPhases = (
				4115D182ED83348C4F18E732 /* [CP] Check Pods Manifest.lock */,
				3DF2600229482834006B20E7 /* Sources */,
				3DF2600329482834006B20E7 /* Frameworks */,
				3DF2600429482834006B20E7 /* Resources */,
				998015C35AF5EA51C7D6CC2F /* [CP] Embed Pods Frameworks */,
				68895EB161D0D17EA5877B98 /* [CP] Copy Pods Resources */,
			);
			buildRules = (
			);
			dependencies = (
			);
			name = OpenSourcePlayGround;
			productName = OpenSourcePlayGround;
			productReference = 3DF2600629482834006B20E7 /* OpenSourcePlayGround.app */;
			productType = "com.apple.product-type.application";
		};
/* End PBXNativeTarget section */

/* Begin PBXProject section */
		3DF25FFE29482834006B20E7 /* Project object */ = {
			isa = PBXProject;
			attributes = {
				BuildIndependentTargetsInParallel = 1;
				LastUpgradeCheck = 1340;
				TargetAttributes = {
					3DF2600529482834006B20E7 = {
						CreatedOnToolsVersion = 13.4;
					};
				};
			};
			buildConfigurationList = 3DF2600129482834006B20E7 /* Build configuration list for PBXProject "OpenSourcePlayGround" */;
			compatibilityVersion = "Xcode 13.0";
			developmentRegion = en;
			hasScannedForEncodings = 0;
			knownRegions = (
				en,
				Base,
			);
			mainGroup = 3DF25FFD29482834006B20E7;
			productRefGroup = 3DF2600729482834006B20E7 /* Products */;
			projectDirPath = "";
			projectRoot = "";
			targets = (
				3DF2600529482834006B20E7 /* OpenSourcePlayGround */,
			);
		};
/* End PBXProject section */

/* Begin PBXResourcesBuildPhase section */
		3DF2600429482834006B20E7 /* Resources */ = {
			isa = PBXResourcesBuildPhase;
			buildActionMask = 2147483647;
			files = (
				3DF2601929482835006B20E7 /* LaunchScreen.storyboard in Resources */,
				3DF2601629482835006B20E7 /* Assets.xcassets in Resources */,
				3DF2601429482834006B20E7 /* Main.storyboard in Resources */,
			);
			runOnlyForDeploymentPostprocessing = 0;
		};
/* End PBXResourcesBuildPhase section */

/* Begin PBXShellScriptBuildPhase section */
		4115D182ED83348C4F18E732 /* [CP] Check Pods Manifest.lock */ = {
			isa = PBXShellScriptBuildPhase;
			buildActionMask = 2147483647;
			files = (
			);
			inputFileListPaths = (
			);
			inputPaths = (
				"${PODS_PODFILE_DIR_PATH}/Podfile.lock",
				"${PODS_ROOT}/Manifest.lock",
			);
			name = "[CP] Check Pods Manifest.lock";
			outputFileListPaths = (
			);
			outputPaths = (
				"$(DERIVED_FILE_DIR)/Pods-OpenSourcePlayGround-checkManifestLockResult.txt",
			);
			runOnlyForDeploymentPostprocessing = 0;
			shellPath = /bin/sh;
			shellScript = "diff \"${PODS_PODFILE_DIR_PATH}/Podfile.lock\" \"${PODS_ROOT}/Manifest.lock\" > /dev/null\nif [ $? != 0 ] ; then\n    # print error to STDERR\n    echo \"error: The sandbox is not in sync with the Podfile.lock. Run 'pod install' or update your CocoaPods installation.\" >&2\n    exit 1\nfi\n# This output is used by Xcode 'outputs' to avoid re-running this script phase.\necho \"SUCCESS\" > \"${SCRIPT_OUTPUT_FILE_0}\"\n";
			showEnvVarsInLog = 0;
		};
		68895EB161D0D17EA5877B98 /* [CP] Copy Pods Resources */ = {
			isa = PBXShellScriptBuildPhase;
			buildActionMask = 2147483647;
			files = (
			);
			inputFileListPaths = (
				"${PODS_ROOT}/Target Support Files/Pods-OpenSourcePlayGround/Pods-OpenSourcePlayGround-resources-${CONFIGURATION}-input-files.xcfilelist",
			);
			name = "[CP] Copy Pods Resources";
			outputFileListPaths = (
				"${PODS_ROOT}/Target Support Files/Pods-OpenSourcePlayGround/Pods-OpenSourcePlayGround-resources-${CONFIGURATION}-output-files.xcfilelist",
			);
			runOnlyForDeploymentPostprocessing = 0;
			shellPath = /bin/sh;
			shellScript = "\"${PODS_ROOT}/Target Support Files/Pods-OpenSourcePlayGround/Pods-OpenSourcePlayGround-resources.sh\"\n";
			showEnvVarsInLog = 0;
		};
		998015C35AF5EA51C7D6CC2F /* [CP] Embed Pods Frameworks */ = {
			isa = PBXShellScriptBuildPhase;
			buildActionMask = 2147483647;
			files = (
			);
			inputFileListPaths = (
				"${PODS_ROOT}/Target Support Files/Pods-OpenSourcePlayGround/Pods-OpenSourcePlayGround-frameworks-${CONFIGURATION}-input-files.xcfilelist",
			);
			name = "[CP] Embed Pods Frameworks";
			outputFileListPaths = (
				"${PODS_ROOT}/Target Support Files/Pods-OpenSourcePlayGround/Pods-OpenSourcePlayGround-frameworks-${CONFIGURATION}-output-files.xcfilelist",
			);
			runOnlyForDeploymentPostprocessing = 0;
			shellPath = /bin/sh;
			shellScript = "\"${PODS_ROOT}/Target Support Files/Pods-OpenSourcePlayGround/Pods-OpenSourcePlayGround-frameworks.sh\"\n";
			showEnvVarsInLog = 0;
		};
/* End PBXShellScriptBuildPhase section */

/* Begin PBXSourcesBuildPhase section */
		3DF2600229482834006B20E7 /* Sources */ = {
			isa = PBXSourcesBuildPhase;
			buildActionMask = 2147483647;
			files = (
				3DD14BB629860D9A009F20E9 /* OSPGCreditDetailRequest.m in Sources */,
				3DC44E89294ACD2700439323 /* OSPGMessageViewController.m in Sources */,
				3DD5297E297012CC00414684 /* OSPGCrew.m in Sources */,
				3DDA7EB52977992A00B17E82 /* OSPGMovieDiscoverRequest.m in Sources */,
				3DD52954296E635900414684 /* OSPGProductionCompany.m in Sources */,
				3DD14BB9298610FB009F20E9 /* OSPGCreditDetailResponse.m in Sources */,
				3DC44E86294ACC8A00439323 /* OSPGAccountViewController.m in Sources */,
				3DD529752970119600414684 /* OSPGCrewCastResponse.m in Sources */,
				3DD14BE4298656F5009F20E9 /* OSPGMediaListVC.m in Sources */,
				3DD5299F29715F9000414684 /* OSPGReviewView.m in Sources */,
				3DD52933296C086D00414684 /* OSPGDiscoverCell.m in Sources */,
				3DD5295D296E685300414684 /* OSPGMovieDetailManager.m in Sources */,
				3DD14BE1298656DC009F20E9 /* OSPGMediaListCell.m in Sources */,
				3DD14BD229864777009F20E9 /* OSPGLastEpisodeToAir.m in Sources */,
				3DD529AB297167A800414684 /* OSPGReviewAuthorDetails.m in Sources */,
				3DD14BC229861199009F20E9 /* OSPGPerson.m in Sources */,
				3DD52951296E633E00414684 /* OSPGGenre.m in Sources */,
				3DD5298829713E7C00414684 /* OSPGPhotoView.m in Sources */,
				3DD14BCC2986472A009F20E9 /* OSPGTVLatestResponse.m in Sources */,
				3DD52948296E553000414684 /* OSPGMovieDetailVC.m in Sources */,
				3DD529AE29716D8100414684 /* OSPGReviewSmallCell.m in Sources */,
				3D9ADB7E2966E78A000D526B /* OSPGMainVC.m in Sources */,
				3DD5297B297012BE00414684 /* OSPGCast.m in Sources */,
				3DD14BD529864787009F20E9 /* OSPGNetwork.m in Sources */,
				3DDA7EC72977C59F00B17E82 /* OSPGMovieLatestResponse.m in Sources */,
				3DD14BD829864AA3009F20E9 /* OSPGTVDiscoverResponse.m in Sources */,
				3DAE8340295988AC00466D3F /* UIView+Extension.m in Sources */,
				3DDD26A82975380C0029216C /* OSPGCopyRightView.m in Sources */,
				3DD14BDB29864B15009F20E9 /* OSPGTVResult.m in Sources */,
				3DC44E80294AC38500439323 /* YPNavigationController+Configure.m in Sources */,
				3DD529912971437A00414684 /* OSPGPoster.m in Sources */,
				3DDA7EBB2977A24800B17E82 /* OSPGMovieResult.m in Sources */,
				3DC44E8C294ACD3C00439323 /* OSPGLearnViewController.m in Sources */,
				3DDD26B429763B090029216C /* OSPGSimilarMovieCell.m in Sources */,
				3DD14BDE29864E2D009F20E9 /* OSPGLatestView.m in Sources */,
				3DD52930296BFE8800414684 /* OSPGBaseModel.m in Sources */,
				3DD5296B296FF9E800414684 /* OSPGMovieDetailView.m in Sources */,
				3DD5294B296E602900414684 /* OSPGMovieDetailRequest.m in Sources */,
				3DD52924296BB7C100414684 /* OSPGDiscoverManager.m in Sources */,
				3DC44E83294AC80500439323 /* SceneDelegate+CYLTabBar.m in Sources */,
				3DD529A52971674300414684 /* OSPGReviewResponse.m in Sources */,
				3DDA7EBE2977A29E00B17E82 /* OSPGMovieDiscoverResponse.m in Sources */,
				3DF2600B29482834006B20E7 /* AppDelegate.m in Sources */,
				3DDA7EC12977A31400B17E82 /* OSPGDate.m in Sources */,
				3DC44E9B294AFB1600439323 /* CYLPlusButtonSubclass.m in Sources */,
				3DD5298B2971435C00414684 /* OSPGImageResponse.m in Sources */,
				3DD529722970101900414684 /* OSPGCastSmallCell.m in Sources */,
				3D9ADB812966E7D4000D526B /* OSPGBaseVC.m in Sources */,
				3DD14BC92986451B009F20E9 /* OSPGTVDiscoverRequest.m in Sources */,
				3DD5292A296BEF6500414684 /* OSPGBaseRequest.m in Sources */,
				3DF2601C29482835006B20E7 /* main.m in Sources */,
				3DD5298E2971436E00414684 /* OSPGBackdrop.m in Sources */,
				3D9ADB9329682FB0000D526B /* OSPGDiscoverRequest.m in Sources */,
				3DD529A82971677A00414684 /* OSPGReviewResult.m in Sources */,
				3DD14BB029860BA8009F20E9 /* OSPGCreditDetailVC.m in Sources */,
				3DD5296E296FFB4F00414684 /* OSPGBaseView.m in Sources */,
				3DC44EA3294B177B00439323 /* OSPGTCMViewController.m in Sources */,
				3DD5298529713E5100414684 /* OSPGPhotoCell.m in Sources */,
				3DD14BBF2986116E009F20E9 /* OSPGSeason.m in Sources */,
				3DD14BBC29861138009F20E9 /* OSPGMedia.m in Sources */,
				3DDD26BB2976903C0029216C /* OSPGDiscoverView.m in Sources */,
				3DF2600E29482834006B20E7 /* SceneDelegate.m in Sources */,
				3DD5295A296E638E00414684 /* OSPGSpokenLanguage.m in Sources */,
				3DD5293C296D084600414684 /* OSPGCommonHelper.m in Sources */,
				3DD52968296FF98400414684 /* OSPGCrewCastView.m in Sources */,
				3DD14BE729865B29009F20E9 /* OSPGTVDetailRequest.m in Sources */,
				3DD5294E296E627300414684 /* OSPGMovieDetailResponse.m in Sources */,
				3DDD26AE2975401B0029216C /* OSPGSimilarMovieView.m in Sources */,
				3DD52957296E636500414684 /* OSPGProductionCountry.m in Sources */,
				3DD14BED29866485009F20E9 /* OSPGTVDetailManager.m in Sources */,
				3DD14BCF29864757009F20E9 /* OSPGCreatedBy.m in Sources */,
			);
			runOnlyForDeploymentPostprocessing = 0;
		};
/* End PBXSourcesBuildPhase section */

/* Begin PBXVariantGroup section */
		3DF2601229482834006B20E7 /* Main.storyboard */ = {
			isa = PBXVariantGroup;
			children = (
				3DF2601329482834006B20E7 /* Base */,
			);
			name = Main.storyboard;
			sourceTree = "<group>";
		};
		3DF2601729482835006B20E7 /* LaunchScreen.storyboard */ = {
			isa = PBXVariantGroup;
			children = (
				3DF2601829482835006B20E7 /* Base */,
			);
			name = LaunchScreen.storyboard;
			sourceTree = "<group>";
		};
/* End PBXVariantGroup section */

/* Begin XCBuildConfiguration section */
		3DF2601D29482835006B20E7 /* Debug */ = {
			isa = XCBuildConfiguration;
			buildSettings = {
				ALWAYS_SEARCH_USER_PATHS = NO;
				CLANG_ANALYZER_NONNULL = YES;
				CLANG_ANALYZER_NUMBER_OBJECT_CONVERSION = YES_AGGRESSIVE;
				CLANG_CXX_LANGUAGE_STANDARD = "gnu++17";
				CLANG_ENABLE_MODULES = YES;
				CLANG_ENABLE_OBJC_ARC = YES;
				CLANG_ENABLE_OBJC_WEAK = YES;
				CLANG_WARN_BLOCK_CAPTURE_AUTORELEASING = YES;
				CLANG_WARN_BOOL_CONVERSION = YES;
				CLANG_WARN_COMMA = YES;
				CLANG_WARN_CONSTANT_CONVERSION = YES;
				CLANG_WARN_DEPRECATED_OBJC_IMPLEMENTATIONS = YES;
				CLANG_WARN_DIRECT_OBJC_ISA_USAGE = YES_ERROR;
				CLANG_WARN_DOCUMENTATION_COMMENTS = YES;
				CLANG_WARN_EMPTY_BODY = YES;
				CLANG_WARN_ENUM_CONVERSION = YES;
				CLANG_WARN_INFINITE_RECURSION = YES;
				CLANG_WARN_INT_CONVERSION = YES;
				CLANG_WARN_NON_LITERAL_NULL_CONVERSION = YES;
				CLANG_WARN_OBJC_IMPLICIT_RETAIN_SELF = YES;
				CLANG_WARN_OBJC_LITERAL_CONVERSION = YES;
				CLANG_WARN_OBJC_ROOT_CLASS = YES_ERROR;
				CLANG_WARN_QUOTED_INCLUDE_IN_FRAMEWORK_HEADER = YES;
				CLANG_WARN_RANGE_LOOP_ANALYSIS = YES;
				CLANG_WARN_STRICT_PROTOTYPES = YES;
				CLANG_WARN_SUSPICIOUS_MOVE = YES;
				CLANG_WARN_UNGUARDED_AVAILABILITY = YES_AGGRESSIVE;
				CLANG_WARN_UNREACHABLE_CODE = YES;
				CLANG_WARN__DUPLICATE_METHOD_MATCH = YES;
				COPY_PHASE_STRIP = NO;
				DEBUG_INFORMATION_FORMAT = dwarf;
				ENABLE_STRICT_OBJC_MSGSEND = YES;
				ENABLE_TESTABILITY = YES;
				GCC_C_LANGUAGE_STANDARD = gnu11;
				GCC_DYNAMIC_NO_PIC = NO;
				GCC_NO_COMMON_BLOCKS = YES;
				GCC_OPTIMIZATION_LEVEL = 0;
				GCC_PREPROCESSOR_DEFINITIONS = (
					"DEBUG=1",
					"$(inherited)",
				);
				GCC_WARN_64_TO_32_BIT_CONVERSION = YES;
				GCC_WARN_ABOUT_RETURN_TYPE = YES_ERROR;
				GCC_WARN_UNDECLARED_SELECTOR = YES;
				GCC_WARN_UNINITIALIZED_AUTOS = YES_AGGRESSIVE;
				GCC_WARN_UNUSED_FUNCTION = YES;
				GCC_WARN_UNUSED_VARIABLE = YES;
				IPHONEOS_DEPLOYMENT_TARGET = 15.5;
				MTL_ENABLE_DEBUG_INFO = INCLUDE_SOURCE;
				MTL_FAST_MATH = YES;
				ONLY_ACTIVE_ARCH = YES;
				SDKROOT = iphoneos;
			};
			name = Debug;
		};
		3DF2601E29482835006B20E7 /* Release */ = {
			isa = XCBuildConfiguration;
			buildSettings = {
				ALWAYS_SEARCH_USER_PATHS = NO;
				CLANG_ANALYZER_NONNULL = YES;
				CLANG_ANALYZER_NUMBER_OBJECT_CONVERSION = YES_AGGRESSIVE;
				CLANG_CXX_LANGUAGE_STANDARD = "gnu++17";
				CLANG_ENABLE_MODULES = YES;
				CLANG_ENABLE_OBJC_ARC = YES;
				CLANG_ENABLE_OBJC_WEAK = YES;
				CLANG_WARN_BLOCK_CAPTURE_AUTORELEASING = YES;
				CLANG_WARN_BOOL_CONVERSION = YES;
				CLANG_WARN_COMMA = YES;
				CLANG_WARN_CONSTANT_CONVERSION = YES;
				CLANG_WARN_DEPRECATED_OBJC_IMPLEMENTATIONS = YES;
				CLANG_WARN_DIRECT_OBJC_ISA_USAGE = YES_ERROR;
				CLANG_WARN_DOCUMENTATION_COMMENTS = YES;
				CLANG_WARN_EMPTY_BODY = YES;
				CLANG_WARN_ENUM_CONVERSION = YES;
				CLANG_WARN_INFINITE_RECURSION = YES;
				CLANG_WARN_INT_CONVERSION = YES;
				CLANG_WARN_NON_LITERAL_NULL_CONVERSION = YES;
				CLANG_WARN_OBJC_IMPLICIT_RETAIN_SELF = YES;
				CLANG_WARN_OBJC_LITERAL_CONVERSION = YES;
				CLANG_WARN_OBJC_ROOT_CLASS = YES_ERROR;
				CLANG_WARN_QUOTED_INCLUDE_IN_FRAMEWORK_HEADER = YES;
				CLANG_WARN_RANGE_LOOP_ANALYSIS = YES;
				CLANG_WARN_STRICT_PROTOTYPES = YES;
				CLANG_WARN_SUSPICIOUS_MOVE = YES;
				CLANG_WARN_UNGUARDED_AVAILABILITY = YES_AGGRESSIVE;
				CLANG_WARN_UNREACHABLE_CODE = YES;
				CLANG_WARN__DUPLICATE_METHOD_MATCH = YES;
				COPY_PHASE_STRIP = NO;
				DEBUG_INFORMATION_FORMAT = "dwarf-with-dsym";
				ENABLE_NS_ASSERTIONS = NO;
				ENABLE_STRICT_OBJC_MSGSEND = YES;
				GCC_C_LANGUAGE_STANDARD = gnu11;
				GCC_NO_COMMON_BLOCKS = YES;
				GCC_WARN_64_TO_32_BIT_CONVERSION = YES;
				GCC_WARN_ABOUT_RETURN_TYPE = YES_ERROR;
				GCC_WARN_UNDECLARED_SELECTOR = YES;
				GCC_WARN_UNINITIALIZED_AUTOS = YES_AGGRESSIVE;
				GCC_WARN_UNUSED_FUNCTION = YES;
				GCC_WARN_UNUSED_VARIABLE = YES;
				IPHONEOS_DEPLOYMENT_TARGET = 15.5;
				MTL_ENABLE_DEBUG_INFO = NO;
				MTL_FAST_MATH = YES;
				SDKROOT = iphoneos;
				VALIDATE_PRODUCT = YES;
			};
			name = Release;
		};
		3DF2602029482835006B20E7 /* Debug */ = {
			isa = XCBuildConfiguration;
			baseConfigurationReference = 993AF9F6D80109D2FDC0748F /* Pods-OpenSourcePlayGround.debug.xcconfig */;
			buildSettings = {
				ALWAYS_SEARCH_USER_PATHS = NO;
				ASSETCATALOG_COMPILER_APPICON_NAME = AppIcon;
				ASSETCATALOG_COMPILER_GLOBAL_ACCENT_COLOR_NAME = AccentColor;
				CODE_SIGN_STYLE = Automatic;
				CURRENT_PROJECT_VERSION = 1;
				DEVELOPMENT_TEAM = Q8H2R68RPW;
				GENERATE_INFOPLIST_FILE = YES;
				HEADER_SEARCH_PATHS = (
					"$(inherited)",
					"\"${PODS_CONFIGURATION_BUILD_DIR}/AFNetworking/AFNetworking.framework/Headers\"",
					"\"${PODS_CONFIGURATION_BUILD_DIR}/CocoaLumberjack/CocoaLumberjack.framework/Headers\"",
					"\"${PODS_CONFIGURATION_BUILD_DIR}/FBRetainCycleDetector/FBRetainCycleDetector.framework/Headers\"",
					"\"${PODS_CONFIGURATION_BUILD_DIR}/FLAnimatedImage/FLAnimatedImage.framework/Headers\"",
					"\"${PODS_CONFIGURATION_BUILD_DIR}/FMDB/FMDB.framework/Headers\"",
					"\"${PODS_CONFIGURATION_BUILD_DIR}/IQKeyboardManager/IQKeyboardManager.framework/Headers\"",
					"\"${PODS_CONFIGURATION_BUILD_DIR}/JXCategoryView/JXCategoryView.framework/Headers\"",
					"\"${PODS_CONFIGURATION_BUILD_DIR}/MBProgressHUD/MBProgressHUD.framework/Headers\"",
					"\"${PODS_CONFIGURATION_BUILD_DIR}/MJRefresh/MJRefresh.framework/Headers\"",
					"\"${PODS_CONFIGURATION_BUILD_DIR}/MLeaksFinder/MLeaksFinder.framework/Headers\"",
					"\"${PODS_CONFIGURATION_BUILD_DIR}/MMKV/MMKV.framework/Headers\"",
					"\"${PODS_CONFIGURATION_BUILD_DIR}/MMKVCore/MMKVCore.framework/Headers\"",
					"\"${PODS_CONFIGURATION_BUILD_DIR}/Masonry/Masonry.framework/Headers\"",
					"\"${PODS_CONFIGURATION_BUILD_DIR}/MyLayout/MyLayout.framework/Headers\"",
					"\"${PODS_CONFIGURATION_BUILD_DIR}/SDWebImage/SDWebImage.framework/Headers\"",
					"\"${PODS_CONFIGURATION_BUILD_DIR}/UITableView+FDTemplateLayoutCell/UITableView_FDTemplateLayoutCell.framework/Headers\"",
					"\"${PODS_CONFIGURATION_BUILD_DIR}/YYCache/YYCache.framework/Headers\"",
					"\"${PODS_CONFIGURATION_BUILD_DIR}/YYImage/YYImage.framework/Headers\"",
					"\"${PODS_CONFIGURATION_BUILD_DIR}/YYKit/YYKit.framework/Headers\"",
					"\"${PODS_CONFIGURATION_BUILD_DIR}/YYModel/YYModel.framework/Headers\"",
					"\"${PODS_CONFIGURATION_BUILD_DIR}/YYWebImage/YYWebImage.framework/Headers\"",
					"\"${PODS_CONFIGURATION_BUILD_DIR}/pop/pop.framework/Headers\"",
				);
				INFOPLIST_FILE = OpenSourcePlayGround/Info.plist;
				INFOPLIST_KEY_UIApplicationSupportsIndirectInputEvents = YES;
				INFOPLIST_KEY_UILaunchStoryboardName = LaunchScreen;
				INFOPLIST_KEY_UIMainStoryboardFile = Main;
				INFOPLIST_KEY_UISupportedInterfaceOrientations_iPad = "UIInterfaceOrientationPortrait UIInterfaceOrientationPortraitUpsideDown UIInterfaceOrientationLandscapeLeft UIInterfaceOrientationLandscapeRight";
				INFOPLIST_KEY_UISupportedInterfaceOrientations_iPhone = "UIInterfaceOrientationPortrait UIInterfaceOrientationLandscapeLeft UIInterfaceOrientationLandscapeRight";
				LD_RUNPATH_SEARCH_PATHS = (
					"$(inherited)",
					"@executable_path/Frameworks",
				);
				MARKETING_VERSION = 1.0;
				PRODUCT_BUNDLE_IDENTIFIER = com.genzhang.OpenSourcePlayGround;
				PRODUCT_NAME = "$(TARGET_NAME)";
				SWIFT_EMIT_LOC_STRINGS = YES;
				TARGETED_DEVICE_FAMILY = "1,2";
				USER_HEADER_SEARCH_PATHS = "";
			};
			name = Debug;
		};
		3DF2602129482835006B20E7 /* Release */ = {
			isa = XCBuildConfiguration;
			baseConfigurationReference = 27282C6B373D35C1CBCA09C4 /* Pods-OpenSourcePlayGround.release.xcconfig */;
			buildSettings = {
				ALWAYS_SEARCH_USER_PATHS = NO;
				ASSETCATALOG_COMPILER_APPICON_NAME = AppIcon;
				ASSETCATALOG_COMPILER_GLOBAL_ACCENT_COLOR_NAME = AccentColor;
				CODE_SIGN_STYLE = Automatic;
				CURRENT_PROJECT_VERSION = 1;
				DEVELOPMENT_TEAM = Q8H2R68RPW;
				GENERATE_INFOPLIST_FILE = YES;
				HEADER_SEARCH_PATHS = (
					"$(inherited)",
					"\"${PODS_CONFIGURATION_BUILD_DIR}/AFNetworking/AFNetworking.framework/Headers\"",
					"\"${PODS_CONFIGURATION_BUILD_DIR}/CocoaLumberjack/CocoaLumberjack.framework/Headers\"",
					"\"${PODS_CONFIGURATION_BUILD_DIR}/FBRetainCycleDetector/FBRetainCycleDetector.framework/Headers\"",
					"\"${PODS_CONFIGURATION_BUILD_DIR}/FLAnimatedImage/FLAnimatedImage.framework/Headers\"",
					"\"${PODS_CONFIGURATION_BUILD_DIR}/FMDB/FMDB.framework/Headers\"",
					"\"${PODS_CONFIGURATION_BUILD_DIR}/IQKeyboardManager/IQKeyboardManager.framework/Headers\"",
					"\"${PODS_CONFIGURATION_BUILD_DIR}/JXCategoryView/JXCategoryView.framework/Headers\"",
					"\"${PODS_CONFIGURATION_BUILD_DIR}/MBProgressHUD/MBProgressHUD.framework/Headers\"",
					"\"${PODS_CONFIGURATION_BUILD_DIR}/MJRefresh/MJRefresh.framework/Headers\"",
					"\"${PODS_CONFIGURATION_BUILD_DIR}/MLeaksFinder/MLeaksFinder.framework/Headers\"",
					"\"${PODS_CONFIGURATION_BUILD_DIR}/MMKV/MMKV.framework/Headers\"",
					"\"${PODS_CONFIGURATION_BUILD_DIR}/MMKVCore/MMKVCore.framework/Headers\"",
					"\"${PODS_CONFIGURATION_BUILD_DIR}/Masonry/Masonry.framework/Headers\"",
					"\"${PODS_CONFIGURATION_BUILD_DIR}/MyLayout/MyLayout.framework/Headers\"",
					"\"${PODS_CONFIGURATION_BUILD_DIR}/SDWebImage/SDWebImage.framework/Headers\"",
					"\"${PODS_CONFIGURATION_BUILD_DIR}/UITableView+FDTemplateLayoutCell/UITableView_FDTemplateLayoutCell.framework/Headers\"",
					"\"${PODS_CONFIGURATION_BUILD_DIR}/YYCache/YYCache.framework/Headers\"",
					"\"${PODS_CONFIGURATION_BUILD_DIR}/YYImage/YYImage.framework/Headers\"",
					"\"${PODS_CONFIGURATION_BUILD_DIR}/YYKit/YYKit.framework/Headers\"",
					"\"${PODS_CONFIGURATION_BUILD_DIR}/YYModel/YYModel.framework/Headers\"",
					"\"${PODS_CONFIGURATION_BUILD_DIR}/YYWebImage/YYWebImage.framework/Headers\"",
					"\"${PODS_CONFIGURATION_BUILD_DIR}/pop/pop.framework/Headers\"",
				);
				INFOPLIST_FILE = OpenSourcePlayGround/Info.plist;
				INFOPLIST_KEY_UIApplicationSupportsIndirectInputEvents = YES;
				INFOPLIST_KEY_UILaunchStoryboardName = LaunchScreen;
				INFOPLIST_KEY_UIMainStoryboardFile = Main;
				INFOPLIST_KEY_UISupportedInterfaceOrientations_iPad = "UIInterfaceOrientationPortrait UIInterfaceOrientationPortraitUpsideDown UIInterfaceOrientationLandscapeLeft UIInterfaceOrientationLandscapeRight";
				INFOPLIST_KEY_UISupportedInterfaceOrientations_iPhone = "UIInterfaceOrientationPortrait UIInterfaceOrientationLandscapeLeft UIInterfaceOrientationLandscapeRight";
				LD_RUNPATH_SEARCH_PATHS = (
					"$(inherited)",
					"@executable_path/Frameworks",
				);
				MARKETING_VERSION = 1.0;
				PRODUCT_BUNDLE_IDENTIFIER = com.genzhang.OpenSourcePlayGround;
				PRODUCT_NAME = "$(TARGET_NAME)";
				SWIFT_EMIT_LOC_STRINGS = YES;
				TARGETED_DEVICE_FAMILY = "1,2";
				USER_HEADER_SEARCH_PATHS = "";
			};
			name = Release;
		};
/* End XCBuildConfiguration section */

/* Begin XCConfigurationList section */
		3DF2600129482834006B20E7 /* Build configuration list for PBXProject "OpenSourcePlayGround" */ = {
			isa = XCConfigurationList;
			buildConfigurations = (
				3DF2601D29482835006B20E7 /* Debug */,
				3DF2601E29482835006B20E7 /* Release */,
			);
			defaultConfigurationIsVisible = 0;
			defaultConfigurationName = Release;
		};
		3DF2601F29482835006B20E7 /* Build configuration list for PBXNativeTarget "OpenSourcePlayGround" */ = {
			isa = XCConfigurationList;
			buildConfigurations = (
				3DF2602029482835006B20E7 /* Debug */,
				3DF2602129482835006B20E7 /* Release */,
			);
			defaultConfigurationIsVisible = 0;
			defaultConfigurationName = Release;
		};
/* End XCConfigurationList section */
	};
	rootObject = 3DF25FFE29482834006B20E7 /* Project object */;
}
